// !$*UTF8*$!
{
	archiveVersion = 1;
	classes = {
	};
	objectVersion = 77;
	objects = {

/* Begin PBXBuildFile section */
		018AD3C5159E6795523D2659 /* MockChats.swift in Sources */ = {isa = PBXBuildFile; fileRef = 4CF408B8F742FA41968F3ABB /* MockChats.swift */; };
		0809D2C3563805DB04E028B5 /* StoreTests.swift in Sources */ = {isa = PBXBuildFile; fileRef = 25C7F2E3E9DEBF28E427D679 /* StoreTests.swift */; };
		136B832685A55A9B9B867DD0 /* NewChatSheet.swift in Sources */ = {isa = PBXBuildFile; fileRef = 47201242ACDA851992F807E1 /* NewChatSheet.swift */; };
		1DE542C7C80DB21ADB144893 /* MockUITests.swift in Sources */ = {isa = PBXBuildFile; fileRef = 93FAEBF9FC6FDCDBD9837274 /* MockUITests.swift */; };
		1F4A03B8A6AEE7AC1D217650 /* Markdown.swift in Sources */ = {isa = PBXBuildFile; fileRef = 1E60CD3374CCDD32C2AB8863 /* Markdown.swift */; };
		2209439B681C3CF903C79850 /* AppDefaults.swift in Sources */ = {isa = PBXBuildFile; fileRef = 515A69B4CDFBB0B2067D00BB /* AppDefaults.swift */; };
		303A3EA21AC18011F2DAAADD /* Round3UITests.swift in Sources */ = {isa = PBXBuildFile; fileRef = B7E8B8A4D17C0BCEE98004CC /* Round3UITests.swift */; };
		342D3151A1499C69A42FDC73 /* AgentEmptyState.swift in Sources */ = {isa = PBXBuildFile; fileRef = D507D7F7C4E8DF422BD7F0A3 /* AgentEmptyState.swift */; };
		3BAA7C393662E6FF5FAC27FB /* EmptyStateTests.swift in Sources */ = {isa = PBXBuildFile; fileRef = 7D8661E2BDD60A9CC62DE8A9 /* EmptyStateTests.swift */; };
		3BE93DB748CB721B7C709938 /* ComposerAttachments.swift in Sources */ = {isa = PBXBuildFile; fileRef = 3CB1C25E90E5E93C02F14C40 /* ComposerAttachments.swift */; };
		3CD0EB069D059BC0ADFD5EAC /* Assets.xcassets in Resources */ = {isa = PBXBuildFile; fileRef = 5C9E5E90E859EA6BB468705F /* Assets.xcassets */; };
		3D17D6B59B6C4B3F1E415068 /* ChatView.swift in Sources */ = {isa = PBXBuildFile; fileRef = A002275E7E5C75D936C3983A /* ChatView.swift */; };
		3E03058DD86EB9DEE1DA4D9C /* Round2UITests.swift in Sources */ = {isa = PBXBuildFile; fileRef = 247E5C6385B60B0588E471A5 /* Round2UITests.swift */; };
		3F5E994A5102C645FC68DDE9 /* ControlsTests.swift in Sources */ = {isa = PBXBuildFile; fileRef = 021AFCBC2410A8CE68452503 /* ControlsTests.swift */; };
		4343ECBEA49302122D583485 /* ApprovalViews.swift in Sources */ = {isa = PBXBuildFile; fileRef = 7AD50D15CCCE77FD2C627A69 /* ApprovalViews.swift */; };
		48FD6423D2C6BB21B97D3DA1 /* Round3Tests.swift in Sources */ = {isa = PBXBuildFile; fileRef = 78F4CA5295E71A7C719081F8 /* Round3Tests.swift */; };
		4900F6EF78F8F5B2F3228ECA /* RelayKit in Frameworks */ = {isa = PBXBuildFile; productRef = BBCA5FD19EB45071473A3C7D /* RelayKit */; };
		526CC581323542FEA1CF344F /* LiveKindControlsTests.swift in Sources */ = {isa = PBXBuildFile; fileRef = 0A82BCCC3A5466E4DBBC2AB4 /* LiveKindControlsTests.swift */; };
		637D335E0DDD25A1F2B4CF54 /* RelayState.swift in Sources */ = {isa = PBXBuildFile; fileRef = 7EABCC8390D9298E86FFF168 /* RelayState.swift */; };
		66C1F33B161E533D81BED6CB /* MainView.swift in Sources */ = {isa = PBXBuildFile; fileRef = 05730F308651B253D7F455FD /* MainView.swift */; };
		686AAFC844E3A23D25C9DFB5 /* AppStore.swift in Sources */ = {isa = PBXBuildFile; fileRef = B0A990FC5609C510C9292727 /* AppStore.swift */; };
		6EDE857D80CB85B4580F175F /* AttachmentViews.swift in Sources */ = {isa = PBXBuildFile; fileRef = 419E711F41DCBBFD54DC38A3 /* AttachmentViews.swift */; };
		754F03A18E88ADC6486B24EB /* SidebarView.swift in Sources */ = {isa = PBXBuildFile; fileRef = 80270D748DB6A250BBD42E65 /* SidebarView.swift */; };
		7D0D49DBA9142B74E0A83FB8 /* DecodingTests.swift in Sources */ = {isa = PBXBuildFile; fileRef = 90196BBD5CED7BA229F94D64 /* DecodingTests.swift */; };
		7D7D6D31B3F1D331FBE35A11 /* AttachmentProcessing.swift in Sources */ = {isa = PBXBuildFile; fileRef = 221B62D927CB7DF72095AB1A /* AttachmentProcessing.swift */; };
		805FC1F71935D1871D4D3F36 /* RelayKit in Frameworks */ = {isa = PBXBuildFile; productRef = 67ECA99C43186CD671E794FC /* RelayKit */; };
		88EE44731B4AE49DD2F18D0E /* ControlDisplay.swift in Sources */ = {isa = PBXBuildFile; fileRef = 1FADD832BD9349C386CAF0BB /* ControlDisplay.swift */; };
		8A64622C8DFB780A4A2ACBB6 /* ReducerTests.swift in Sources */ = {isa = PBXBuildFile; fileRef = F4E037C3CB7E6F9CBB240548 /* ReducerTests.swift */; };
		9373CEA64F8497408CC06EA3 /* MockControls.swift in Sources */ = {isa = PBXBuildFile; fileRef = 6676570EDC1A73F721CAC291 /* MockControls.swift */; };
		94DD778E22D03B48E25FA1BB /* ControlMenus.swift in Sources */ = {isa = PBXBuildFile; fileRef = BCB0E0CF94B08A631240AD62 /* ControlMenus.swift */; };
		9D3D5AF639C417A1CC9297FA /* LiveE2ETests.swift in Sources */ = {isa = PBXBuildFile; fileRef = A23917E0B538A432F082C782 /* LiveE2ETests.swift */; };
		A58F62C0ACEFC19F313B851B /* PairingView.swift in Sources */ = {isa = PBXBuildFile; fileRef = 81389142837BCFC9F10C8F0D /* PairingView.swift */; };
		AFCB351F77BFF9ECC3E5CD6B /* Round2Tests.swift in Sources */ = {isa = PBXBuildFile; fileRef = 2E9B76A4DA5BA891DBC04D9D /* Round2Tests.swift */; };
		B5059A51D144C468B1843122 /* RelayApp.swift in Sources */ = {isa = PBXBuildFile; fileRef = 75C54FA6D0E67AA81510F66A /* RelayApp.swift */; };
		B88DF0DF351010DBEC93DE1F /* ChatItems.swift in Sources */ = {isa = PBXBuildFile; fileRef = CEC200CAE8523C19E35BC1A3 /* ChatItems.swift */; };
		C1D8604271A034416D8DA3ED /* ComposerView.swift in Sources */ = {isa = PBXBuildFile; fileRef = 4F0943376AC3BDCDA75E20CC /* ComposerView.swift */; };
		C34A2C3D2EF3050156579EFB /* Indicators.swift in Sources */ = {isa = PBXBuildFile; fileRef = 4300BCAC01D8E32F1FA56ADC /* Indicators.swift */; };
		D0CCD89167ACBB59A2D873B6 /* AppModel.swift in Sources */ = {isa = PBXBuildFile; fileRef = 3772B7BC9E1856FB2551A9D4 /* AppModel.swift */; };
		DAD9AA78424A4D9B470B3B1E /* MockBackend.swift in Sources */ = {isa = PBXBuildFile; fileRef = F3BB9BE8AFCB5D157451CFC2 /* MockBackend.swift */; };
		F0AA0EEF4403BAD6DF90C8AF /* ChatRows.swift in Sources */ = {isa = PBXBuildFile; fileRef = EBF8D8D3985AE405380C374B /* ChatRows.swift */; };
		F3E81726E78071F0E98493CD /* EmptyStateUITests.swift in Sources */ = {isa = PBXBuildFile; fileRef = C7B1E2B5D03381101B4D44B0 /* EmptyStateUITests.swift */; };
		FDBD8BBAB810DF2CE81502E3 /* SidebarModel.swift in Sources */ = {isa = PBXBuildFile; fileRef = 75FF1B5F03BE66B8748BECE7 /* SidebarModel.swift */; };
/* End PBXBuildFile section */

/* Begin PBXContainerItemProxy section */
		3854DACD222F441A780A22AC /* PBXContainerItemProxy */ = {
			isa = PBXContainerItemProxy;
			containerPortal = 00400E7BA46B4893DB3DAE46 /* Project object */;
			proxyType = 1;
			remoteGlobalIDString = 00CC2921912F47FC3C6615F8;
			remoteInfo = Relay;
		};
		56659E1809A0C78F49479215 /* PBXContainerItemProxy */ = {
			isa = PBXContainerItemProxy;
			containerPortal = 00400E7BA46B4893DB3DAE46 /* Project object */;
			proxyType = 1;
			remoteGlobalIDString = 00CC2921912F47FC3C6615F8;
			remoteInfo = Relay;
		};
/* End PBXContainerItemProxy section */

/* Begin PBXFileReference section */
		021AFCBC2410A8CE68452503 /* ControlsTests.swift */ = {isa = PBXFileReference; lastKnownFileType = sourcecode.swift; path = ControlsTests.swift; sourceTree = "<group>"; };
		05730F308651B253D7F455FD /* MainView.swift */ = {isa = PBXFileReference; lastKnownFileType = sourcecode.swift; path = MainView.swift; sourceTree = "<group>"; };
		0A82BCCC3A5466E4DBBC2AB4 /* LiveKindControlsTests.swift */ = {isa = PBXFileReference; lastKnownFileType = sourcecode.swift; path = LiveKindControlsTests.swift; sourceTree = "<group>"; };
		1E60CD3374CCDD32C2AB8863 /* Markdown.swift */ = {isa = PBXFileReference; lastKnownFileType = sourcecode.swift; path = Markdown.swift; sourceTree = "<group>"; };
		1FADD832BD9349C386CAF0BB /* ControlDisplay.swift */ = {isa = PBXFileReference; lastKnownFileType = sourcecode.swift; path = ControlDisplay.swift; sourceTree = "<group>"; };
		221B62D927CB7DF72095AB1A /* AttachmentProcessing.swift */ = {isa = PBXFileReference; lastKnownFileType = sourcecode.swift; path = AttachmentProcessing.swift; sourceTree = "<group>"; };
		247E5C6385B60B0588E471A5 /* Round2UITests.swift */ = {isa = PBXFileReference; lastKnownFileType = sourcecode.swift; path = Round2UITests.swift; sourceTree = "<group>"; };
		25C7F2E3E9DEBF28E427D679 /* StoreTests.swift */ = {isa = PBXFileReference; lastKnownFileType = sourcecode.swift; path = StoreTests.swift; sourceTree = "<group>"; };
		2E9B76A4DA5BA891DBC04D9D /* Round2Tests.swift */ = {isa = PBXFileReference; lastKnownFileType = sourcecode.swift; path = Round2Tests.swift; sourceTree = "<group>"; };
		3772B7BC9E1856FB2551A9D4 /* AppModel.swift */ = {isa = PBXFileReference; lastKnownFileType = sourcecode.swift; path = AppModel.swift; sourceTree = "<group>"; };
		3CB1C25E90E5E93C02F14C40 /* ComposerAttachments.swift */ = {isa = PBXFileReference; lastKnownFileType = sourcecode.swift; path = ComposerAttachments.swift; sourceTree = "<group>"; };
		419E711F41DCBBFD54DC38A3 /* AttachmentViews.swift */ = {isa = PBXFileReference; lastKnownFileType = sourcecode.swift; path = AttachmentViews.swift; sourceTree = "<group>"; };
		4300BCAC01D8E32F1FA56ADC /* Indicators.swift */ = {isa = PBXFileReference; lastKnownFileType = sourcecode.swift; path = Indicators.swift; sourceTree = "<group>"; };
		47201242ACDA851992F807E1 /* NewChatSheet.swift */ = {isa = PBXFileReference; lastKnownFileType = sourcecode.swift; path = NewChatSheet.swift; sourceTree = "<group>"; };
		4B5FF3D9A36195329B8AAA1D /* Relay.entitlements */ = {isa = PBXFileReference; lastKnownFileType = text.plist.entitlements; path = Relay.entitlements; sourceTree = "<group>"; };
		4CF408B8F742FA41968F3ABB /* MockChats.swift */ = {isa = PBXFileReference; lastKnownFileType = sourcecode.swift; path = MockChats.swift; sourceTree = "<group>"; };
		4F0943376AC3BDCDA75E20CC /* ComposerView.swift */ = {isa = PBXFileReference; lastKnownFileType = sourcecode.swift; path = ComposerView.swift; sourceTree = "<group>"; };
		515A69B4CDFBB0B2067D00BB /* AppDefaults.swift */ = {isa = PBXFileReference; lastKnownFileType = sourcecode.swift; path = AppDefaults.swift; sourceTree = "<group>"; };
		5C9E5E90E859EA6BB468705F /* Assets.xcassets */ = {isa = PBXFileReference; lastKnownFileType = folder.assetcatalog; path = Assets.xcassets; sourceTree = "<group>"; };
		6676570EDC1A73F721CAC291 /* MockControls.swift */ = {isa = PBXFileReference; lastKnownFileType = sourcecode.swift; path = MockControls.swift; sourceTree = "<group>"; };
		75C54FA6D0E67AA81510F66A /* RelayApp.swift */ = {isa = PBXFileReference; lastKnownFileType = sourcecode.swift; path = RelayApp.swift; sourceTree = "<group>"; };
		75FF1B5F03BE66B8748BECE7 /* SidebarModel.swift */ = {isa = PBXFileReference; lastKnownFileType = sourcecode.swift; path = SidebarModel.swift; sourceTree = "<group>"; };
		77DAB79F6FC24B489B4D50B3 /* Relay-FreeTeam.entitlements */ = {isa = PBXFileReference; lastKnownFileType = text.plist.entitlements; path = "Relay-FreeTeam.entitlements"; sourceTree = "<group>"; };
		78E3AAA9D17440E2BC308FC0 /* RelayUITests.xctest */ = {isa = PBXFileReference; includeInIndex = 0; lastKnownFileType = wrapper.cfbundle; path = RelayUITests.xctest; sourceTree = BUILT_PRODUCTS_DIR; };
		78F4CA5295E71A7C719081F8 /* Round3Tests.swift */ = {isa = PBXFileReference; lastKnownFileType = sourcecode.swift; path = Round3Tests.swift; sourceTree = "<group>"; };
		7AD50D15CCCE77FD2C627A69 /* ApprovalViews.swift */ = {isa = PBXFileReference; lastKnownFileType = sourcecode.swift; path = ApprovalViews.swift; sourceTree = "<group>"; };
		7D8661E2BDD60A9CC62DE8A9 /* EmptyStateTests.swift */ = {isa = PBXFileReference; lastKnownFileType = sourcecode.swift; path = EmptyStateTests.swift; sourceTree = "<group>"; };
		7EABCC8390D9298E86FFF168 /* RelayState.swift */ = {isa = PBXFileReference; lastKnownFileType = sourcecode.swift; path = RelayState.swift; sourceTree = "<group>"; };
		80270D748DB6A250BBD42E65 /* SidebarView.swift */ = {isa = PBXFileReference; lastKnownFileType = sourcecode.swift; path = SidebarView.swift; sourceTree = "<group>"; };
		81389142837BCFC9F10C8F0D /* PairingView.swift */ = {isa = PBXFileReference; lastKnownFileType = sourcecode.swift; path = PairingView.swift; sourceTree = "<group>"; };
		88EBB50D6387C066EBEE9162 /* RelayKit */ = {isa = PBXFileReference; lastKnownFileType = folder; name = RelayKit; path = RelayKit; sourceTree = SOURCE_ROOT; };
		90196BBD5CED7BA229F94D64 /* DecodingTests.swift */ = {isa = PBXFileReference; lastKnownFileType = sourcecode.swift; path = DecodingTests.swift; sourceTree = "<group>"; };
		93FAEBF9FC6FDCDBD9837274 /* MockUITests.swift */ = {isa = PBXFileReference; lastKnownFileType = sourcecode.swift; path = MockUITests.swift; sourceTree = "<group>"; };
		A002275E7E5C75D936C3983A /* ChatView.swift */ = {isa = PBXFileReference; lastKnownFileType = sourcecode.swift; path = ChatView.swift; sourceTree = "<group>"; };
		A23917E0B538A432F082C782 /* LiveE2ETests.swift */ = {isa = PBXFileReference; lastKnownFileType = sourcecode.swift; path = LiveE2ETests.swift; sourceTree = "<group>"; };
		B0A990FC5609C510C9292727 /* AppStore.swift */ = {isa = PBXFileReference; lastKnownFileType = sourcecode.swift; path = AppStore.swift; sourceTree = "<group>"; };
		B2640FB004F58617990C7498 /* Relay.app */ = {isa = PBXFileReference; includeInIndex = 0; lastKnownFileType = wrapper.application; path = Relay.app; sourceTree = BUILT_PRODUCTS_DIR; };
		B7E8B8A4D17C0BCEE98004CC /* Round3UITests.swift */ = {isa = PBXFileReference; lastKnownFileType = sourcecode.swift; path = Round3UITests.swift; sourceTree = "<group>"; };
		BABB516AF90FA95A49A1731E /* RelayTests.xctest */ = {isa = PBXFileReference; includeInIndex = 0; lastKnownFileType = wrapper.cfbundle; path = RelayTests.xctest; sourceTree = BUILT_PRODUCTS_DIR; };
		BCB0E0CF94B08A631240AD62 /* ControlMenus.swift */ = {isa = PBXFileReference; lastKnownFileType = sourcecode.swift; path = ControlMenus.swift; sourceTree = "<group>"; };
		C7B1E2B5D03381101B4D44B0 /* EmptyStateUITests.swift */ = {isa = PBXFileReference; lastKnownFileType = sourcecode.swift; path = EmptyStateUITests.swift; sourceTree = "<group>"; };
		CEC200CAE8523C19E35BC1A3 /* ChatItems.swift */ = {isa = PBXFileReference; lastKnownFileType = sourcecode.swift; path = ChatItems.swift; sourceTree = "<group>"; };
		D507D7F7C4E8DF422BD7F0A3 /* AgentEmptyState.swift */ = {isa = PBXFileReference; lastKnownFileType = sourcecode.swift; path = AgentEmptyState.swift; sourceTree = "<group>"; };
		DD6546E114339B049F0E091E /* Info.plist */ = {isa = PBXFileReference; lastKnownFileType = text.plist; path = Info.plist; sourceTree = "<group>"; };
		EBF8D8D3985AE405380C374B /* ChatRows.swift */ = {isa = PBXFileReference; lastKnownFileType = sourcecode.swift; path = ChatRows.swift; sourceTree = "<group>"; };
		F3BB9BE8AFCB5D157451CFC2 /* MockBackend.swift */ = {isa = PBXFileReference; lastKnownFileType = sourcecode.swift; path = MockBackend.swift; sourceTree = "<group>"; };
		F4E037C3CB7E6F9CBB240548 /* ReducerTests.swift */ = {isa = PBXFileReference; lastKnownFileType = sourcecode.swift; path = ReducerTests.swift; sourceTree = "<group>"; };
/* End PBXFileReference section */

/* Begin PBXFrameworksBuildPhase section */
		190866553254ED71C883676A /* Frameworks */ = {
			isa = PBXFrameworksBuildPhase;
			buildActionMask = 2147483647;
			files = (
				805FC1F71935D1871D4D3F36 /* RelayKit in Frameworks */,
			);
			runOnlyForDeploymentPostprocessing = 0;
		};
		EF50208E6B06E9FF6A31ED33 /* Frameworks */ = {
			isa = PBXFrameworksBuildPhase;
			buildActionMask = 2147483647;
			files = (
				4900F6EF78F8F5B2F3228ECA /* RelayKit in Frameworks */,
			);
			runOnlyForDeploymentPostprocessing = 0;
		};
/* End PBXFrameworksBuildPhase section */

/* Begin PBXGroup section */
		03B050AAD059E85D4F11F06C /* Features */ = {
			isa = PBXGroup;
			children = (
				ACB6D5F49F39AA29660B73C9 /* Approval */,
				AEBD1A3A770BB5F9EEE253B3 /* Attachments */,
				69DEEA0752D416BFACE3C8A9 /* Chat */,
				29136E8D0AD8A4C351BDA3E3 /* Composer */,
				7337D0621EAB7033320A49A0 /* Controls */,
				652432F71504AE1DB048F910 /* NewChat */,
				C18D308A105FB1D213BB680A /* Pairing */,
				86DBCF1CC7BA898926994BE4 /* Sidebar */,
			);
			path = Features;
			sourceTree = "<group>";
		};
		1BFBA766DE2B33272BBB2645 /* Resources */ = {
			isa = PBXGroup;
			children = (
				5C9E5E90E859EA6BB468705F /* Assets.xcassets */,
			);
			path = Resources;
			sourceTree = "<group>";
		};
		29136E8D0AD8A4C351BDA3E3 /* Composer */ = {
			isa = PBXGroup;
			children = (
				4F0943376AC3BDCDA75E20CC /* ComposerView.swift */,
			);
			path = Composer;
			sourceTree = "<group>";
		};
		652432F71504AE1DB048F910 /* NewChat */ = {
			isa = PBXGroup;
			children = (
				47201242ACDA851992F807E1 /* NewChatSheet.swift */,
			);
			path = NewChat;
			sourceTree = "<group>";
		};
		69DEEA0752D416BFACE3C8A9 /* Chat */ = {
			isa = PBXGroup;
			children = (
				D507D7F7C4E8DF422BD7F0A3 /* AgentEmptyState.swift */,
				CEC200CAE8523C19E35BC1A3 /* ChatItems.swift */,
				EBF8D8D3985AE405380C374B /* ChatRows.swift */,
				A002275E7E5C75D936C3983A /* ChatView.swift */,
			);
			path = Chat;
			sourceTree = "<group>";
		};
		6DC5E2796C681BFDFEFF0EB3 /* Mock */ = {
			isa = PBXGroup;
			children = (
				F3BB9BE8AFCB5D157451CFC2 /* MockBackend.swift */,
				4CF408B8F742FA41968F3ABB /* MockChats.swift */,
				6676570EDC1A73F721CAC291 /* MockControls.swift */,
			);
			path = Mock;
			sourceTree = "<group>";
		};
		7337D0621EAB7033320A49A0 /* Controls */ = {
			isa = PBXGroup;
			children = (
				1FADD832BD9349C386CAF0BB /* ControlDisplay.swift */,
				BCB0E0CF94B08A631240AD62 /* ControlMenus.swift */,
			);
			path = Controls;
			sourceTree = "<group>";
		};
		8108792C7BDAA099F962E116 /* Products */ = {
			isa = PBXGroup;
			children = (
				B2640FB004F58617990C7498 /* Relay.app */,
				BABB516AF90FA95A49A1731E /* RelayTests.xctest */,
				78E3AAA9D17440E2BC308FC0 /* RelayUITests.xctest */,
			);
			name = Products;
			sourceTree = "<group>";
		};
		86DBCF1CC7BA898926994BE4 /* Sidebar */ = {
			isa = PBXGroup;
			children = (
				80270D748DB6A250BBD42E65 /* SidebarView.swift */,
			);
			path = Sidebar;
			sourceTree = "<group>";
		};
		96D02309876A3C029DF41C69 /* Packages */ = {
			isa = PBXGroup;
			children = (
				88EBB50D6387C066EBEE9162 /* RelayKit */,
			);
			name = Packages;
			sourceTree = "<group>";
		};
		A3B1078494319AB67E3172D5 /* App */ = {
			isa = PBXGroup;
			children = (
				515A69B4CDFBB0B2067D00BB /* AppDefaults.swift */,
				3772B7BC9E1856FB2551A9D4 /* AppModel.swift */,
				05730F308651B253D7F455FD /* MainView.swift */,
				75C54FA6D0E67AA81510F66A /* RelayApp.swift */,
			);
			path = App;
			sourceTree = "<group>";
		};
		ACB6D5F49F39AA29660B73C9 /* Approval */ = {
			isa = PBXGroup;
			children = (
				7AD50D15CCCE77FD2C627A69 /* ApprovalViews.swift */,
			);
			path = Approval;
			sourceTree = "<group>";
		};
		AEBD1A3A770BB5F9EEE253B3 /* Attachments */ = {
			isa = PBXGroup;
			children = (
				221B62D927CB7DF72095AB1A /* AttachmentProcessing.swift */,
				419E711F41DCBBFD54DC38A3 /* AttachmentViews.swift */,
				3CB1C25E90E5E93C02F14C40 /* ComposerAttachments.swift */,
			);
			path = Attachments;
			sourceTree = "<group>";
		};
		C18D308A105FB1D213BB680A /* Pairing */ = {
			isa = PBXGroup;
			children = (
				81389142837BCFC9F10C8F0D /* PairingView.swift */,
			);
			path = Pairing;
			sourceTree = "<group>";
		};
		C52F87F100EAF9D7C65F5494 /* RelayUITests */ = {
			isa = PBXGroup;
			children = (
				C7B1E2B5D03381101B4D44B0 /* EmptyStateUITests.swift */,
				A23917E0B538A432F082C782 /* LiveE2ETests.swift */,
				0A82BCCC3A5466E4DBBC2AB4 /* LiveKindControlsTests.swift */,
				93FAEBF9FC6FDCDBD9837274 /* MockUITests.swift */,
				247E5C6385B60B0588E471A5 /* Round2UITests.swift */,
				B7E8B8A4D17C0BCEE98004CC /* Round3UITests.swift */,
			);
			path = RelayUITests;
			sourceTree = "<group>";
		};
		CEBA2E9E819B63CE9D18A7E1 /* Stores */ = {
			isa = PBXGroup;
			children = (
				B0A990FC5609C510C9292727 /* AppStore.swift */,
				7EABCC8390D9298E86FFF168 /* RelayState.swift */,
				75FF1B5F03BE66B8748BECE7 /* SidebarModel.swift */,
			);
			path = Stores;
			sourceTree = "<group>";
		};
		D9F048455E4855B965AFBE40 /* DesignSystem */ = {
			isa = PBXGroup;
			children = (
				4300BCAC01D8E32F1FA56ADC /* Indicators.swift */,
				1E60CD3374CCDD32C2AB8863 /* Markdown.swift */,
			);
			path = DesignSystem;
			sourceTree = "<group>";
		};
		DC658091D1A7F7FB428FB8C2 = {
			isa = PBXGroup;
			children = (
				96D02309876A3C029DF41C69 /* Packages */,
				E543C263B165077F89769C48 /* Relay */,
				E9C14B8A9590FCA3EDCFEAEA /* RelayTests */,
				C52F87F100EAF9D7C65F5494 /* RelayUITests */,
				8108792C7BDAA099F962E116 /* Products */,
			);
			sourceTree = "<group>";
		};
		E543C263B165077F89769C48 /* Relay */ = {
			isa = PBXGroup;
			children = (
				DD6546E114339B049F0E091E /* Info.plist */,
				77DAB79F6FC24B489B4D50B3 /* Relay-FreeTeam.entitlements */,
				4B5FF3D9A36195329B8AAA1D /* Relay.entitlements */,
				A3B1078494319AB67E3172D5 /* App */,
				D9F048455E4855B965AFBE40 /* DesignSystem */,
				03B050AAD059E85D4F11F06C /* Features */,
				6DC5E2796C681BFDFEFF0EB3 /* Mock */,
				1BFBA766DE2B33272BBB2645 /* Resources */,
				CEBA2E9E819B63CE9D18A7E1 /* Stores */,
			);
			path = Relay;
			sourceTree = "<group>";
		};
		E9C14B8A9590FCA3EDCFEAEA /* RelayTests */ = {
			isa = PBXGroup;
			children = (
				021AFCBC2410A8CE68452503 /* ControlsTests.swift */,
				90196BBD5CED7BA229F94D64 /* DecodingTests.swift */,
				7D8661E2BDD60A9CC62DE8A9 /* EmptyStateTests.swift */,
				F4E037C3CB7E6F9CBB240548 /* ReducerTests.swift */,
				2E9B76A4DA5BA891DBC04D9D /* Round2Tests.swift */,
				78F4CA5295E71A7C719081F8 /* Round3Tests.swift */,
				25C7F2E3E9DEBF28E427D679 /* StoreTests.swift */,
			);
			path = RelayTests;
			sourceTree = "<group>";
		};
/* End PBXGroup section */

/* Begin PBXNativeTarget section */
		00CC2921912F47FC3C6615F8 /* Relay */ = {
			isa = PBXNativeTarget;
			buildConfigurationList = 123F6CBD015F52CA68038BCE /* Build configuration list for PBXNativeTarget "Relay" */;
			buildPhases = (
				EC79C452CC5E84280E112945 /* Sources */,
				B2BD664DAF308B86A7FDF1AC /* Resources */,
				EF50208E6B06E9FF6A31ED33 /* Frameworks */,
				D622685BE0761C2EB9AFEF6E /* Copy fixtures (Debug only) */,
			);
			buildRules = (
			);
			dependencies = (
			);
			name = Relay;
			packageProductDependencies = (
				BBCA5FD19EB45071473A3C7D /* RelayKit */,
			);
			productName = Relay;
			productReference = B2640FB004F58617990C7498 /* Relay.app */;
			productType = "com.apple.product-type.application";
		};
		22D63D7F51BA7ACCC91FF884 /* RelayTests */ = {
			isa = PBXNativeTarget;
			buildConfigurationList = E227B8FDC7CB304FEE66DF90 /* Build configuration list for PBXNativeTarget "RelayTests" */;
			buildPhases = (
				A5E928E34BD5CECB56D64538 /* Sources */,
				190866553254ED71C883676A /* Frameworks */,
			);
			buildRules = (
			);
			dependencies = (
				B789F58BB61B880D7F193A2B /* PBXTargetDependency */,
			);
			name = RelayTests;
			packageProductDependencies = (
				67ECA99C43186CD671E794FC /* RelayKit */,
			);
			productName = RelayTests;
			productReference = BABB516AF90FA95A49A1731E /* RelayTests.xctest */;
			productType = "com.apple.product-type.bundle.unit-test";
		};
		44948475B68E1616C5A4C8E7 /* RelayUITests */ = {
			isa = PBXNativeTarget;
			buildConfigurationList = BEF0E16E0C44253F0EED586F /* Build configuration list for PBXNativeTarget "RelayUITests" */;
			buildPhases = (
				18859D49C3B139ACBF876672 /* Sources */,
			);
			buildRules = (
			);
			dependencies = (
				78DC4C07B612F662DD462B2A /* PBXTargetDependency */,
			);
			name = RelayUITests;
			packageProductDependencies = (
			);
			productName = RelayUITests;
			productReference = 78E3AAA9D17440E2BC308FC0 /* RelayUITests.xctest */;
			productType = "com.apple.product-type.bundle.ui-testing";
		};
/* End PBXNativeTarget section */

/* Begin PBXProject section */
		00400E7BA46B4893DB3DAE46 /* Project object */ = {
			isa = PBXProject;
			attributes = {
				BuildIndependentTargetsInParallel = YES;
				LastUpgradeCheck = 1430;
				TargetAttributes = {
					00CC2921912F47FC3C6615F8 = {
						DevelopmentTeam = "";
						ProvisioningStyle = Automatic;
					};
					22D63D7F51BA7ACCC91FF884 = {
						DevelopmentTeam = "";
						ProvisioningStyle = Automatic;
					};
					44948475B68E1616C5A4C8E7 = {
						DevelopmentTeam = "";
						ProvisioningStyle = Automatic;
						TestTargetID = 00CC2921912F47FC3C6615F8;
					};
				};
			};
			buildConfigurationList = CAE7F6E0ECA548A1858A3109 /* Build configuration list for PBXProject "Relay" */;
			developmentRegion = en;
			hasScannedForEncodings = 0;
			knownRegions = (
				Base,
				en,
			);
			mainGroup = DC658091D1A7F7FB428FB8C2;
			minimizedProjectReferenceProxies = 1;
			packageReferences = (
				701D0C9EC7A179F3BAE3BDA0 /* XCLocalSwiftPackageReference "RelayKit" */,
			);
			preferredProjectObjectVersion = 77;
			productRefGroup = 8108792C7BDAA099F962E116 /* Products */;
			projectDirPath = "";
			projectRoot = "";
			targets = (
				00CC2921912F47FC3C6615F8 /* Relay */,
				22D63D7F51BA7ACCC91FF884 /* RelayTests */,
				44948475B68E1616C5A4C8E7 /* RelayUITests */,
			);
		};
/* End PBXProject section */

/* Begin PBXResourcesBuildPhase section */
		B2BD664DAF308B86A7FDF1AC /* Resources */ = {
			isa = PBXResourcesBuildPhase;
			buildActionMask = 2147483647;
			files = (
				3CD0EB069D059BC0ADFD5EAC /* Assets.xcassets in Resources */,
			);
			runOnlyForDeploymentPostprocessing = 0;
		};
/* End PBXResourcesBuildPhase section */

/* Begin PBXShellScriptBuildPhase section */
		D622685BE0761C2EB9AFEF6E /* Copy fixtures (Debug only) */ = {
			isa = PBXShellScriptBuildPhase;
			alwaysOutOfDate = 1;
			buildActionMask = 2147483647;
			files = (
			);
			inputFileListPaths = (
			);
			inputPaths = (
			);
			name = "Copy fixtures (Debug only)";
			outputFileListPaths = (
			);
			outputPaths = (
			);
			runOnlyForDeploymentPostprocessing = 0;
			shellPath = /bin/sh;
			shellScript = "if [ \"$CONFIGURATION\" = \"Debug\" ]; then\n  dest=\"$TARGET_BUILD_DIR/$UNLOCALIZED_RESOURCES_FOLDER_PATH/Fixtures\"\n  mkdir -p \"$dest\"\n  cp \"$SRCROOT/../docs/fixtures/\"*.json \"$SRCROOT/../docs/fixtures/\"*.jsonl \"$dest/\"\nfi\n";
		};
/* End PBXShellScriptBuildPhase section */

/* Begin PBXSourcesBuildPhase section */
		18859D49C3B139ACBF876672 /* Sources */ = {
			isa = PBXSourcesBuildPhase;
			buildActionMask = 2147483647;
			files = (
				F3E81726E78071F0E98493CD /* EmptyStateUITests.swift in Sources */,
				9D3D5AF639C417A1CC9297FA /* LiveE2ETests.swift in Sources */,
				526CC581323542FEA1CF344F /* LiveKindControlsTests.swift in Sources */,
				1DE542C7C80DB21ADB144893 /* MockUITests.swift in Sources */,
				3E03058DD86EB9DEE1DA4D9C /* Round2UITests.swift in Sources */,
				303A3EA21AC18011F2DAAADD /* Round3UITests.swift in Sources */,
			);
			runOnlyForDeploymentPostprocessing = 0;
		};
		A5E928E34BD5CECB56D64538 /* Sources */ = {
			isa = PBXSourcesBuildPhase;
			buildActionMask = 2147483647;
			files = (
				3F5E994A5102C645FC68DDE9 /* ControlsTests.swift in Sources */,
				7D0D49DBA9142B74E0A83FB8 /* DecodingTests.swift in Sources */,
				3BAA7C393662E6FF5FAC27FB /* EmptyStateTests.swift in Sources */,
				8A64622C8DFB780A4A2ACBB6 /* ReducerTests.swift in Sources */,
				AFCB351F77BFF9ECC3E5CD6B /* Round2Tests.swift in Sources */,
				48FD6423D2C6BB21B97D3DA1 /* Round3Tests.swift in Sources */,
				0809D2C3563805DB04E028B5 /* StoreTests.swift in Sources */,
			);
			runOnlyForDeploymentPostprocessing = 0;
		};
		EC79C452CC5E84280E112945 /* Sources */ = {
			isa = PBXSourcesBuildPhase;
			buildActionMask = 2147483647;
			files = (
				342D3151A1499C69A42FDC73 /* AgentEmptyState.swift in Sources */,
				2209439B681C3CF903C79850 /* AppDefaults.swift in Sources */,
				D0CCD89167ACBB59A2D873B6 /* AppModel.swift in Sources */,
				686AAFC844E3A23D25C9DFB5 /* AppStore.swift in Sources */,
				4343ECBEA49302122D583485 /* ApprovalViews.swift in Sources */,
				7D7D6D31B3F1D331FBE35A11 /* AttachmentProcessing.swift in Sources */,
				6EDE857D80CB85B4580F175F /* AttachmentViews.swift in Sources */,
				B88DF0DF351010DBEC93DE1F /* ChatItems.swift in Sources */,
				F0AA0EEF4403BAD6DF90C8AF /* ChatRows.swift in Sources */,
				3D17D6B59B6C4B3F1E415068 /* ChatView.swift in Sources */,
				3BE93DB748CB721B7C709938 /* ComposerAttachments.swift in Sources */,
				C1D8604271A034416D8DA3ED /* ComposerView.swift in Sources */,
				88EE44731B4AE49DD2F18D0E /* ControlDisplay.swift in Sources */,
				94DD778E22D03B48E25FA1BB /* ControlMenus.swift in Sources */,
				C34A2C3D2EF3050156579EFB /* Indicators.swift in Sources */,
				66C1F33B161E533D81BED6CB /* MainView.swift in Sources */,
				1F4A03B8A6AEE7AC1D217650 /* Markdown.swift in Sources */,
				DAD9AA78424A4D9B470B3B1E /* MockBackend.swift in Sources */,
				018AD3C5159E6795523D2659 /* MockChats.swift in Sources */,
				9373CEA64F8497408CC06EA3 /* MockControls.swift in Sources */,
				136B832685A55A9B9B867DD0 /* NewChatSheet.swift in Sources */,
				A58F62C0ACEFC19F313B851B /* PairingView.swift in Sources */,
				B5059A51D144C468B1843122 /* RelayApp.swift in Sources */,
				637D335E0DDD25A1F2B4CF54 /* RelayState.swift in Sources */,
				FDBD8BBAB810DF2CE81502E3 /* SidebarModel.swift in Sources */,
				754F03A18E88ADC6486B24EB /* SidebarView.swift in Sources */,
			);
			runOnlyForDeploymentPostprocessing = 0;
		};
/* End PBXSourcesBuildPhase section */

/* Begin PBXTargetDependency section */
		78DC4C07B612F662DD462B2A /* PBXTargetDependency */ = {
			isa = PBXTargetDependency;
			target = 00CC2921912F47FC3C6615F8 /* Relay */;
			targetProxy = 3854DACD222F441A780A22AC /* PBXContainerItemProxy */;
		};
		B789F58BB61B880D7F193A2B /* PBXTargetDependency */ = {
			isa = PBXTargetDependency;
			target = 00CC2921912F47FC3C6615F8 /* Relay */;
			targetProxy = 56659E1809A0C78F49479215 /* PBXContainerItemProxy */;
		};
/* End PBXTargetDependency section */

/* Begin XCBuildConfiguration section */
		2081E5984332363D157E9BAF /* Debug */ = {
			isa = XCBuildConfiguration;
			buildSettings = {
				ALWAYS_SEARCH_USER_PATHS = NO;
				CLANG_ANALYZER_NONNULL = YES;
				CLANG_ANALYZER_NUMBER_OBJECT_CONVERSION = YES_AGGRESSIVE;
				CLANG_CXX_LANGUAGE_STANDARD = "gnu++14";
				CLANG_CXX_LIBRARY = "libc++";
				CLANG_ENABLE_MODULES = YES;
				CLANG_ENABLE_OBJC_ARC = YES;
				CLANG_ENABLE_OBJC_WEAK = YES;
				CLANG_WARN_BLOCK_CAPTURE_AUTORELEASING = YES;
				CLANG_WARN_BOOL_CONVERSION = YES;
				CLANG_WARN_COMMA = YES;
				CLANG_WARN_CONSTANT_CONVERSION = YES;
				CLANG_WARN_DEPRECATED_OBJC_IMPLEMENTATIONS = YES;
				CLANG_WARN_DIRECT_OBJC_ISA_USAGE = YES_ERROR;
				CLANG_WARN_DOCUMENTATION_COMMENTS = YES;
				CLANG_WARN_EMPTY_BODY = YES;
				CLANG_WARN_ENUM_CONVERSION = YES;
				CLANG_WARN_INFINITE_RECURSION = YES;
				CLANG_WARN_INT_CONVERSION = YES;
				CLANG_WARN_NON_LITERAL_NULL_CONVERSION = YES;
				CLANG_WARN_OBJC_IMPLICIT_RETAIN_SELF = YES;
				CLANG_WARN_OBJC_LITERAL_CONVERSION = YES;
				CLANG_WARN_OBJC_ROOT_CLASS = YES_ERROR;
				CLANG_WARN_QUOTED_INCLUDE_IN_FRAMEWORK_HEADER = YES;
				CLANG_WARN_RANGE_LOOP_ANALYSIS = YES;
				CLANG_WARN_STRICT_PROTOTYPES = YES;
				CLANG_WARN_SUSPICIOUS_MOVE = YES;
				CLANG_WARN_UNGUARDED_AVAILABILITY = YES_AGGRESSIVE;
				CLANG_WARN_UNREACHABLE_CODE = YES;
				CLANG_WARN__DUPLICATE_METHOD_MATCH = YES;
				CODE_SIGN_STYLE = Automatic;
				COPY_PHASE_STRIP = NO;
				DEBUG_INFORMATION_FORMAT = dwarf;
				DEVELOPMENT_TEAM = "";
				ENABLE_STRICT_OBJC_MSGSEND = YES;
				ENABLE_TESTABILITY = YES;
				GCC_C_LANGUAGE_STANDARD = gnu11;
				GCC_DYNAMIC_NO_PIC = NO;
				GCC_NO_COMMON_BLOCKS = YES;
				GCC_OPTIMIZATION_LEVEL = 0;
				GCC_PREPROCESSOR_DEFINITIONS = (
					"$(inherited)",
					"DEBUG=1",
				);
				GCC_WARN_64_TO_32_BIT_CONVERSION = YES;
				GCC_WARN_ABOUT_RETURN_TYPE = YES_ERROR;
				GCC_WARN_UNDECLARED_SELECTOR = YES;
				GCC_WARN_UNINITIALIZED_AUTOS = YES_AGGRESSIVE;
				GCC_WARN_UNUSED_FUNCTION = YES;
				GCC_WARN_UNUSED_VARIABLE = YES;
				IPHONEOS_DEPLOYMENT_TARGET = 26.0;
				MTL_ENABLE_DEBUG_INFO = INCLUDE_SOURCE;
				MTL_FAST_MATH = YES;
				ONLY_ACTIVE_ARCH = YES;
				PRODUCT_NAME = "$(TARGET_NAME)";
				SDKROOT = iphoneos;
				SWIFT_ACTIVE_COMPILATION_CONDITIONS = DEBUG;
				SWIFT_OPTIMIZATION_LEVEL = "-Onone";
				SWIFT_STRICT_CONCURRENCY = complete;
				SWIFT_VERSION = 6.0;
			};
			name = Debug;
		};
		52BA97836630D2E50EFB51DA /* Debug */ = {
			isa = XCBuildConfiguration;
			buildSettings = {
				BUNDLE_LOADER = "$(TEST_HOST)";
				GENERATE_INFOPLIST_FILE = YES;
				LD_RUNPATH_SEARCH_PATHS = (
					"$(inherited)",
					"@executable_path/Frameworks",
					"@loader_path/Frameworks",
				);
				PRODUCT_BUNDLE_IDENTIFIER = dev.amansingh.herd.tests;
				SDKROOT = iphoneos;
				TARGETED_DEVICE_FAMILY = "1,2";
				TEST_HOST = "$(BUILT_PRODUCTS_DIR)/Relay.app/Relay";
			};
			name = Debug;
		};
		71F4EFF4B9550541A79E6FCC /* Release */ = {
			isa = XCBuildConfiguration;
			buildSettings = {
				ALWAYS_SEARCH_USER_PATHS = NO;
				CLANG_ANALYZER_NONNULL = YES;
				CLANG_ANALYZER_NUMBER_OBJECT_CONVERSION = YES_AGGRESSIVE;
				CLANG_CXX_LANGUAGE_STANDARD = "gnu++14";
				CLANG_CXX_LIBRARY = "libc++";
				CLANG_ENABLE_MODULES = YES;
				CLANG_ENABLE_OBJC_ARC = YES;
				CLANG_ENABLE_OBJC_WEAK = YES;
				CLANG_WARN_BLOCK_CAPTURE_AUTORELEASING = YES;
				CLANG_WARN_BOOL_CONVERSION = YES;
				CLANG_WARN_COMMA = YES;
				CLANG_WARN_CONSTANT_CONVERSION = YES;
				CLANG_WARN_DEPRECATED_OBJC_IMPLEMENTATIONS = YES;
				CLANG_WARN_DIRECT_OBJC_ISA_USAGE = YES_ERROR;
				CLANG_WARN_DOCUMENTATION_COMMENTS = YES;
				CLANG_WARN_EMPTY_BODY = YES;
				CLANG_WARN_ENUM_CONVERSION = YES;
				CLANG_WARN_INFINITE_RECURSION = YES;
				CLANG_WARN_INT_CONVERSION = YES;
				CLANG_WARN_NON_LITERAL_NULL_CONVERSION = YES;
				CLANG_WARN_OBJC_IMPLICIT_RETAIN_SELF = YES;
				CLANG_WARN_OBJC_LITERAL_CONVERSION = YES;
				CLANG_WARN_OBJC_ROOT_CLASS = YES_ERROR;
				CLANG_WARN_QUOTED_INCLUDE_IN_FRAMEWORK_HEADER = YES;
				CLANG_WARN_RANGE_LOOP_ANALYSIS = YES;
				CLANG_WARN_STRICT_PROTOTYPES = YES;
				CLANG_WARN_SUSPICIOUS_MOVE = YES;
				CLANG_WARN_UNGUARDED_AVAILABILITY = YES_AGGRESSIVE;
				CLANG_WARN_UNREACHABLE_CODE = YES;
				CLANG_WARN__DUPLICATE_METHOD_MATCH = YES;
				CODE_SIGN_STYLE = Automatic;
				COPY_PHASE_STRIP = NO;
				DEBUG_INFORMATION_FORMAT = "dwarf-with-dsym";
				DEVELOPMENT_TEAM = "";
				ENABLE_NS_ASSERTIONS = NO;
				ENABLE_STRICT_OBJC_MSGSEND = YES;
				GCC_C_LANGUAGE_STANDARD = gnu11;
				GCC_NO_COMMON_BLOCKS = YES;
				GCC_WARN_64_TO_32_BIT_CONVERSION = YES;
				GCC_WARN_ABOUT_RETURN_TYPE = YES_ERROR;
				GCC_WARN_UNDECLARED_SELECTOR = YES;
				GCC_WARN_UNINITIALIZED_AUTOS = YES_AGGRESSIVE;
				GCC_WARN_UNUSED_FUNCTION = YES;
				GCC_WARN_UNUSED_VARIABLE = YES;
				IPHONEOS_DEPLOYMENT_TARGET = 26.0;
				MTL_ENABLE_DEBUG_INFO = NO;
				MTL_FAST_MATH = YES;
				PRODUCT_NAME = "$(TARGET_NAME)";
				SDKROOT = iphoneos;
				SWIFT_COMPILATION_MODE = wholemodule;
				SWIFT_OPTIMIZATION_LEVEL = "-O";
				SWIFT_STRICT_CONCURRENCY = complete;
				SWIFT_VERSION = 6.0;
			};
			name = Release;
		};
		7CB4F2CB7DAEE9752ED1E360 /* Debug */ = {
			isa = XCBuildConfiguration;
			buildSettings = {
				ASSETCATALOG_COMPILER_APPICON_NAME = AppIcon;
				ASSETCATALOG_COMPILER_GLOBAL_ACCENT_COLOR_NAME = AccentColor;
				CODE_SIGN_ENTITLEMENTS = Relay/Relay.entitlements;
				CODE_SIGN_IDENTITY = "iPhone Developer";
				ENABLE_PREVIEWS = YES;
				ENABLE_USER_SCRIPT_SANDBOXING = NO;
				INFOPLIST_FILE = Relay/Info.plist;
				LD_RUNPATH_SEARCH_PATHS = (
					"$(inherited)",
					"@executable_path/Frameworks",
				);
				PRODUCT_BUNDLE_IDENTIFIER = dev.amansingh.herd;
				SDKROOT = iphoneos;
				TARGETED_DEVICE_FAMILY = 1;
			};
			name = Debug;
		};
		9BE9F6E08E841A1770F018C0 /* Debug */ = {
			isa = XCBuildConfiguration;
			buildSettings = {
				BUNDLE_LOADER = "$(TEST_HOST)";
				GENERATE_INFOPLIST_FILE = YES;
				LD_RUNPATH_SEARCH_PATHS = (
					"$(inherited)",
					"@executable_path/Frameworks",
					"@loader_path/Frameworks",
				);
				PRODUCT_BUNDLE_IDENTIFIER = dev.amansingh.herd.uitests;
				SDKROOT = iphoneos;
				TARGETED_DEVICE_FAMILY = "1,2";
				TEST_TARGET_NAME = Relay;
			};
			name = Debug;
		};
		B64C6B120C8B6607431DB5A2 /* Release */ = {
			isa = XCBuildConfiguration;
			buildSettings = {
				BUNDLE_LOADER = "$(TEST_HOST)";
				GENERATE_INFOPLIST_FILE = YES;
				LD_RUNPATH_SEARCH_PATHS = (
					"$(inherited)",
					"@executable_path/Frameworks",
					"@loader_path/Frameworks",
				);
				PRODUCT_BUNDLE_IDENTIFIER = dev.amansingh.herd.tests;
				SDKROOT = iphoneos;
				TARGETED_DEVICE_FAMILY = "1,2";
				TEST_HOST = "$(BUILT_PRODUCTS_DIR)/Relay.app/Relay";
			};
			name = Release;
		};
		F3D9B9C587F1507CA874D0DE /* Release */ = {
			isa = XCBuildConfiguration;
			buildSettings = {
				ASSETCATALOG_COMPILER_APPICON_NAME = AppIcon;
				ASSETCATALOG_COMPILER_GLOBAL_ACCENT_COLOR_NAME = AccentColor;
				CODE_SIGN_ENTITLEMENTS = Relay/Relay.entitlements;
				CODE_SIGN_IDENTITY = "iPhone Developer";
				ENABLE_PREVIEWS = YES;
				ENABLE_USER_SCRIPT_SANDBOXING = NO;
				INFOPLIST_FILE = Relay/Info.plist;
				LD_RUNPATH_SEARCH_PATHS = (
					"$(inherited)",
					"@executable_path/Frameworks",
				);
				PRODUCT_BUNDLE_IDENTIFIER = dev.amansingh.herd;
				SDKROOT = iphoneos;
				TARGETED_DEVICE_FAMILY = 1;
			};
			name = Release;
		};
		F756963D80E62001B08E380D /* Release */ = {
			isa = XCBuildConfiguration;
			buildSettings = {
				BUNDLE_LOADER = "$(TEST_HOST)";
				GENERATE_INFOPLIST_FILE = YES;
				LD_RUNPATH_SEARCH_PATHS = (
					"$(inherited)",
					"@executable_path/Frameworks",
					"@loader_path/Frameworks",
				);
				PRODUCT_BUNDLE_IDENTIFIER = dev.amansingh.herd.uitests;
				SDKROOT = iphoneos;
				TARGETED_DEVICE_FAMILY = "1,2";
				TEST_TARGET_NAME = Relay;
			};
			name = Release;
		};
/* End XCBuildConfiguration section */

/* Begin XCConfigurationList section */
		123F6CBD015F52CA68038BCE /* Build configuration list for PBXNativeTarget "Relay" */ = {
			isa = XCConfigurationList;
			buildConfigurations = (
				7CB4F2CB7DAEE9752ED1E360 /* Debug */,
				F3D9B9C587F1507CA874D0DE /* Release */,
			);
			defaultConfigurationIsVisible = 0;
			defaultConfigurationName = Debug;
		};
		BEF0E16E0C44253F0EED586F /* Build configuration list for PBXNativeTarget "RelayUITests" */ = {
			isa = XCConfigurationList;
			buildConfigurations = (
				9BE9F6E08E841A1770F018C0 /* Debug */,
				F756963D80E62001B08E380D /* Release */,
			);
			defaultConfigurationIsVisible = 0;
			defaultConfigurationName = Debug;
		};
		CAE7F6E0ECA548A1858A3109 /* Build configuration list for PBXProject "Relay" */ = {
			isa = XCConfigurationList;
			buildConfigurations = (
				2081E5984332363D157E9BAF /* Debug */,
				71F4EFF4B9550541A79E6FCC /* Release */,
			);
			defaultConfigurationIsVisible = 0;
			defaultConfigurationName = Debug;
		};
		E227B8FDC7CB304FEE66DF90 /* Build configuration list for PBXNativeTarget "RelayTests" */ = {
			isa = XCConfigurationList;
			buildConfigurations = (
				52BA97836630D2E50EFB51DA /* Debug */,
				B64C6B120C8B6607431DB5A2 /* Release */,
			);
			defaultConfigurationIsVisible = 0;
			defaultConfigurationName = Debug;
		};
/* End XCConfigurationList section */

/* Begin XCLocalSwiftPackageReference section */
		701D0C9EC7A179F3BAE3BDA0 /* XCLocalSwiftPackageReference "RelayKit" */ = {
			isa = XCLocalSwiftPackageReference;
			relativePath = RelayKit;
		};
/* End XCLocalSwiftPackageReference section */

/* Begin XCSwiftPackageProductDependency section */
		67ECA99C43186CD671E794FC /* RelayKit */ = {
			isa = XCSwiftPackageProductDependency;
			productName = RelayKit;
		};
		BBCA5FD19EB45071473A3C7D /* RelayKit */ = {
			isa = XCSwiftPackageProductDependency;
			productName = RelayKit;
		};
/* End XCSwiftPackageProductDependency section */
	};
	rootObject = 00400E7BA46B4893DB3DAE46 /* Project object */;
}
