// !$*UTF8*$!
{
	archiveVersion = 1;
	classes = {
	};
	objectVersion = 77;
	objects = {

/* Begin PBXBuildFile section */
		01304AECF25C9062F386D22A /* SidebarMachinesTests.swift in Sources */ = {isa = PBXBuildFile; fileRef = 5FEBB97630576771C2AB71CE /* SidebarMachinesTests.swift */; };
		018AD3C5159E6795523D2659 /* MockChats.swift in Sources */ = {isa = PBXBuildFile; fileRef = 4CF408B8F742FA41968F3ABB /* MockChats.swift */; };
		0289047365D92EF244459C7D /* ChangesTests.swift in Sources */ = {isa = PBXBuildFile; fileRef = 068654CA24C68E73CA658D52 /* ChangesTests.swift */; };
		0421C16A55123A5A53D0AEB6 /* UsageStore.swift in Sources */ = {isa = PBXBuildFile; fileRef = 247130B71D364069C059DFAD /* UsageStore.swift */; };
		0809D2C3563805DB04E028B5 /* StoreTests.swift in Sources */ = {isa = PBXBuildFile; fileRef = 25C7F2E3E9DEBF28E427D679 /* StoreTests.swift */; };
		0AC99AD4809CA39D8693E4F1 /* FileViewerSheet.swift in Sources */ = {isa = PBXBuildFile; fileRef = 5D05940572E6DF92A9F6CDE4 /* FileViewerSheet.swift */; };
		0E0524B7FA44C586C9538A36 /* LiveNewChatTests.swift in Sources */ = {isa = PBXBuildFile; fileRef = 4B065EDF3B9E1F1832310B1E /* LiveNewChatTests.swift */; };
		10DE3DA0982B787C8E2B6A06 /* SidebarBottomBar.swift in Sources */ = {isa = PBXBuildFile; fileRef = 5560F841C9C3863AB0E4C205 /* SidebarBottomBar.swift */; };
		136B832685A55A9B9B867DD0 /* NewChatSheet.swift in Sources */ = {isa = PBXBuildFile; fileRef = 47201242ACDA851992F807E1 /* NewChatSheet.swift */; };
		166297BC952D6B438A9D7EAF /* FileDiff.swift in Sources */ = {isa = PBXBuildFile; fileRef = F89AFDAC6FDE6C4B8A4F3B37 /* FileDiff.swift */; };
		1DE542C7C80DB21ADB144893 /* MockUITests.swift in Sources */ = {isa = PBXBuildFile; fileRef = 93FAEBF9FC6FDCDBD9837274 /* MockUITests.swift */; };
		1F4A03B8A6AEE7AC1D217650 /* Markdown.swift in Sources */ = {isa = PBXBuildFile; fileRef = 1E60CD3374CCDD32C2AB8863 /* Markdown.swift */; };
		2209439B681C3CF903C79850 /* AppDefaults.swift in Sources */ = {isa = PBXBuildFile; fileRef = 515A69B4CDFBB0B2067D00BB /* AppDefaults.swift */; };
		22D12E314E1B2EBA77599739 /* SidebarMotionUITests.swift in Sources */ = {isa = PBXBuildFile; fileRef = B08D3D1786AE5BC795D70059 /* SidebarMotionUITests.swift */; };
		2417B738933672A1021CDEF5 /* ChangesSheet.swift in Sources */ = {isa = PBXBuildFile; fileRef = 03C907102EBE91333C7AE729 /* ChangesSheet.swift */; };
		288359C2A828D2EF39720831 /* UsageStoreTests.swift in Sources */ = {isa = PBXBuildFile; fileRef = 4AF9F054C80D13CEC9C3E9CD /* UsageStoreTests.swift */; };
		28A9FD4A999109F07766ACC9 /* ChangesUITests.swift in Sources */ = {isa = PBXBuildFile; fileRef = 9764FD8B1D9A0BD39A20BCF3 /* ChangesUITests.swift */; };
		28C0A3C112BEA40B4A1F6113 /* LiveChangesUITests.swift in Sources */ = {isa = PBXBuildFile; fileRef = 88D68A8E463733AFA1CC27E8 /* LiveChangesUITests.swift */; };
		303A3EA21AC18011F2DAAADD /* Round3UITests.swift in Sources */ = {isa = PBXBuildFile; fileRef = B7E8B8A4D17C0BCEE98004CC /* Round3UITests.swift */; };
		32C2B8475A5F523595943225 /* MachinesTests.swift in Sources */ = {isa = PBXBuildFile; fileRef = 981548A0980C5B9934F4B0F0 /* MachinesTests.swift */; };
		342D3151A1499C69A42FDC73 /* AgentEmptyState.swift in Sources */ = {isa = PBXBuildFile; fileRef = D507D7F7C4E8DF422BD7F0A3 /* AgentEmptyState.swift */; };
		38C7BE05CC0140213CBE86F9 /* MockSidebar.swift in Sources */ = {isa = PBXBuildFile; fileRef = 4E368749B2609FF25E28E313 /* MockSidebar.swift */; };
		3BAA7C393662E6FF5FAC27FB /* EmptyStateTests.swift in Sources */ = {isa = PBXBuildFile; fileRef = 7D8661E2BDD60A9CC62DE8A9 /* EmptyStateTests.swift */; };
		3BE93DB748CB721B7C709938 /* ComposerAttachments.swift in Sources */ = {isa = PBXBuildFile; fileRef = 3CB1C25E90E5E93C02F14C40 /* ComposerAttachments.swift */; };
		3C9DA1CAB75253FCFCD2A77A /* ConnectionHardeningTests.swift in Sources */ = {isa = PBXBuildFile; fileRef = BE623C1152DC21613907E538 /* ConnectionHardeningTests.swift */; };
		3CD0EB069D059BC0ADFD5EAC /* Assets.xcassets in Resources */ = {isa = PBXBuildFile; fileRef = 5C9E5E90E859EA6BB468705F /* Assets.xcassets */; };
		3D17D6B59B6C4B3F1E415068 /* ChatView.swift in Sources */ = {isa = PBXBuildFile; fileRef = A002275E7E5C75D936C3983A /* ChatView.swift */; };
		3E03058DD86EB9DEE1DA4D9C /* Round2UITests.swift in Sources */ = {isa = PBXBuildFile; fileRef = 247E5C6385B60B0588E471A5 /* Round2UITests.swift */; };
		3F29823563ED150C6E4748B6 /* SpeechDictationEngine.swift in Sources */ = {isa = PBXBuildFile; fileRef = D095BB44A9143B787A093981 /* SpeechDictationEngine.swift */; };
		3F5E994A5102C645FC68DDE9 /* ControlsTests.swift in Sources */ = {isa = PBXBuildFile; fileRef = 021AFCBC2410A8CE68452503 /* ControlsTests.swift */; };
		3FD4C4E3EEE7193278F0AB3E /* hello-relay.wav in Resources */ = {isa = PBXBuildFile; fileRef = 0CA737AB160C376AEE9F4170 /* hello-relay.wav */; };
		40056E06233316D6D9DC7BE5 /* MockMachines.swift in Sources */ = {isa = PBXBuildFile; fileRef = 4771BA329612569354DE5BF8 /* MockMachines.swift */; };
		4343ECBEA49302122D583485 /* ApprovalViews.swift in Sources */ = {isa = PBXBuildFile; fileRef = 7AD50D15CCCE77FD2C627A69 /* ApprovalViews.swift */; };
		43B00B6D80DAE4131F4C9BAF /* NewChatUITests.swift in Sources */ = {isa = PBXBuildFile; fileRef = CF6F0A8401B00C5DBDBBBBD1 /* NewChatUITests.swift */; };
		470FD55FD67E2971D03B52AE /* Round8Tests.swift in Sources */ = {isa = PBXBuildFile; fileRef = 86224FE3F6FBF4A3DF39FDD3 /* Round8Tests.swift */; };
		48FD6423D2C6BB21B97D3DA1 /* Round3Tests.swift in Sources */ = {isa = PBXBuildFile; fileRef = 78F4CA5295E71A7C719081F8 /* Round3Tests.swift */; };
		4900F6EF78F8F5B2F3228ECA /* RelayKit in Frameworks */ = {isa = PBXBuildFile; productRef = BBCA5FD19EB45071473A3C7D /* RelayKit */; };
		4A2B34B1063A16F8A6D09DDB /* FilesPickerUITests.swift in Sources */ = {isa = PBXBuildFile; fileRef = 4FCB69102F7992FC4AC43C6D /* FilesPickerUITests.swift */; };
		4A52CCA243840AC07906026A /* DictationTests.swift in Sources */ = {isa = PBXBuildFile; fileRef = 27E3223B55BA79561C265A87 /* DictationTests.swift */; };
		4E4411C10C00A4ED93CD86AE /* LiveReplyUITests.swift in Sources */ = {isa = PBXBuildFile; fileRef = 7C2FF35A0E89A5DBCB9F89AC /* LiveReplyUITests.swift */; };
		4F4F5454EC605161F40BACF1 /* ImageViewer.swift in Sources */ = {isa = PBXBuildFile; fileRef = 0F05A5EF8014CC8570129329 /* ImageViewer.swift */; };
		506A057C19B556A24ADDA85C /* DesignQAShots.swift in Sources */ = {isa = PBXBuildFile; fileRef = 8644DFA6912C27E53A50CB93 /* DesignQAShots.swift */; };
		526CC581323542FEA1CF344F /* LiveKindControlsTests.swift in Sources */ = {isa = PBXBuildFile; fileRef = 0A82BCCC3A5466E4DBBC2AB4 /* LiveKindControlsTests.swift */; };
		53F9AE60581D9F3A710E34D6 /* UsageView.swift in Sources */ = {isa = PBXBuildFile; fileRef = 392F2BF99D8E32E0E09B5BFF /* UsageView.swift */; };
		5803C635E4A4470E5D37FE30 /* ChangeDiffView.swift in Sources */ = {isa = PBXBuildFile; fileRef = 69B027531B6CD5942ACF1444 /* ChangeDiffView.swift */; };
		5971EDF0147F1973E07C5EE1 /* Round10UITests.swift in Sources */ = {isa = PBXBuildFile; fileRef = 91EF4DF0EE80F2A5DCE2AC9B /* Round10UITests.swift */; };
		5F91F886EC55EED4FD3F8C93 /* SessionRow.swift in Sources */ = {isa = PBXBuildFile; fileRef = 8E4566E83031C2B4FDD021C4 /* SessionRow.swift */; };
		637D335E0DDD25A1F2B4CF54 /* RelayState.swift in Sources */ = {isa = PBXBuildFile; fileRef = 7EABCC8390D9298E86FFF168 /* RelayState.swift */; };
		66C1F33B161E533D81BED6CB /* MainView.swift in Sources */ = {isa = PBXBuildFile; fileRef = 05730F308651B253D7F455FD /* MainView.swift */; };
		686AAFC844E3A23D25C9DFB5 /* AppStore.swift in Sources */ = {isa = PBXBuildFile; fileRef = B0A990FC5609C510C9292727 /* AppStore.swift */; };
		6A5A6D7B470BD025BCC7E489 /* SidebarMachineNotices.swift in Sources */ = {isa = PBXBuildFile; fileRef = 72A8F1EB9FA868B41263C78E /* SidebarMachineNotices.swift */; };
		6EDE857D80CB85B4580F175F /* AttachmentViews.swift in Sources */ = {isa = PBXBuildFile; fileRef = 419E711F41DCBBFD54DC38A3 /* AttachmentViews.swift */; };
		71E531E2932E1255271332A0 /* Round10ChatTests.swift in Sources */ = {isa = PBXBuildFile; fileRef = 1018918AE2F900088F209425 /* Round10ChatTests.swift */; };
		73BFAAD4A2667ECD532E6526 /* MockChanges.swift in Sources */ = {isa = PBXBuildFile; fileRef = 225C049D04A9178AB8FDAA99 /* MockChanges.swift */; };
		754F03A18E88ADC6486B24EB /* SidebarView.swift in Sources */ = {isa = PBXBuildFile; fileRef = 80270D748DB6A250BBD42E65 /* SidebarView.swift */; };
		766637A1893FF6699D308EE3 /* FileRequest.swift in Sources */ = {isa = PBXBuildFile; fileRef = 04E4390385AB6ED2C837F41B /* FileRequest.swift */; };
		7911D9686763E2217D75E764 /* LiveToolTests.swift in Sources */ = {isa = PBXBuildFile; fileRef = 82B422B228FE886B476AB4D0 /* LiveToolTests.swift */; };
		7AB2D3C561E6112DF4C60D3B /* ToolImagesUITests.swift in Sources */ = {isa = PBXBuildFile; fileRef = BE39210D80C16306A5337D92 /* ToolImagesUITests.swift */; };
		7D0D49DBA9142B74E0A83FB8 /* DecodingTests.swift in Sources */ = {isa = PBXBuildFile; fileRef = 90196BBD5CED7BA229F94D64 /* DecodingTests.swift */; };
		7D7D6D31B3F1D331FBE35A11 /* AttachmentProcessing.swift in Sources */ = {isa = PBXBuildFile; fileRef = 221B62D927CB7DF72095AB1A /* AttachmentProcessing.swift */; };
		7E4D1A430951287B0BCF32CB /* SidebarFilterMenu.swift in Sources */ = {isa = PBXBuildFile; fileRef = 549A59F3CE162D5619C457F9 /* SidebarFilterMenu.swift */; };
		805FC1F71935D1871D4D3F36 /* RelayKit in Frameworks */ = {isa = PBXBuildFile; productRef = 67ECA99C43186CD671E794FC /* RelayKit */; };
		889C3A919533D22321C6FF59 /* SidebarShellUITests.swift in Sources */ = {isa = PBXBuildFile; fileRef = 8DC9DFEA2A583C3904C32C4A /* SidebarShellUITests.swift */; };
		88EE44731B4AE49DD2F18D0E /* ControlDisplay.swift in Sources */ = {isa = PBXBuildFile; fileRef = 1FADD832BD9349C386CAF0BB /* ControlDisplay.swift */; };
		8A64622C8DFB780A4A2ACBB6 /* ReducerTests.swift in Sources */ = {isa = PBXBuildFile; fileRef = F4E037C3CB7E6F9CBB240548 /* ReducerTests.swift */; };
		9373CEA64F8497408CC06EA3 /* MockControls.swift in Sources */ = {isa = PBXBuildFile; fileRef = 6676570EDC1A73F721CAC291 /* MockControls.swift */; };
		94DD778E22D03B48E25FA1BB /* ControlMenus.swift in Sources */ = {isa = PBXBuildFile; fileRef = BCB0E0CF94B08A631240AD62 /* ControlMenus.swift */; };
		952F6D5156B875E2304F5D27 /* DictationViews.swift in Sources */ = {isa = PBXBuildFile; fileRef = D0BE4C213F77797CD0FB1C10 /* DictationViews.swift */; };
		959AF3E23CF218E9E366FE2D /* MockPlan.swift in Sources */ = {isa = PBXBuildFile; fileRef = FA9C80E6E441A5F4A727FF35 /* MockPlan.swift */; };
		9A90FD658EA956DE78CDB0A9 /* MockFiles.swift in Sources */ = {isa = PBXBuildFile; fileRef = E8B8F62C680E3EBC3FD03A77 /* MockFiles.swift */; };
		9D3D5AF639C417A1CC9297FA /* LiveE2ETests.swift in Sources */ = {isa = PBXBuildFile; fileRef = A23917E0B538A432F082C782 /* LiveE2ETests.swift */; };
		A585C6C20457D9E8206A6F09 /* A11yAuditUITests.swift in Sources */ = {isa = PBXBuildFile; fileRef = 5C46B068AD3725822084EBA7 /* A11yAuditUITests.swift */; };
		A58F62C0ACEFC19F313B851B /* PairingView.swift in Sources */ = {isa = PBXBuildFile; fileRef = 81389142837BCFC9F10C8F0D /* PairingView.swift */; };
		A7E1DA77E629553712BD1336 /* SidebarFilterMenuUITests.swift in Sources */ = {isa = PBXBuildFile; fileRef = 417A0DA3F5D971C8037B3AB9 /* SidebarFilterMenuUITests.swift */; };
		AC7B99D0F84AEEA37845399F /* ToolImageTests.swift in Sources */ = {isa = PBXBuildFile; fileRef = 1910F7878682151E02B2AFDA /* ToolImageTests.swift */; };
		ACF99500CFF8EB72FBC11B63 /* PlanCard.swift in Sources */ = {isa = PBXBuildFile; fileRef = E880F9350D8CE36AC909C685 /* PlanCard.swift */; };
		AE44560A09974BC792D38DDB /* SidebarModel+Machines.swift in Sources */ = {isa = PBXBuildFile; fileRef = 6E66017241AADFAEEAAED48E /* SidebarModel+Machines.swift */; };
		AE7C9913E4BE7398EAC193C6 /* NewChatTests.swift in Sources */ = {isa = PBXBuildFile; fileRef = 53BC0B51B9E3C3E9AF8E1D5A /* NewChatTests.swift */; };
		AFCB351F77BFF9ECC3E5CD6B /* Round2Tests.swift in Sources */ = {isa = PBXBuildFile; fileRef = 2E9B76A4DA5BA891DBC04D9D /* Round2Tests.swift */; };
		B1CFF156833E1CE7E875AC19 /* ChangesDisplay.swift in Sources */ = {isa = PBXBuildFile; fileRef = A178273B777793A2C3D8EE33 /* ChangesDisplay.swift */; };
		B227F939A6A02F5355EE9698 /* CodeView.swift in Sources */ = {isa = PBXBuildFile; fileRef = B8C1ACCA60D00EF6EEF0E012 /* CodeView.swift */; };
		B5059A51D144C468B1843122 /* RelayApp.swift in Sources */ = {isa = PBXBuildFile; fileRef = 75C54FA6D0E67AA81510F66A /* RelayApp.swift */; };
		B88DF0DF351010DBEC93DE1F /* ChatItems.swift in Sources */ = {isa = PBXBuildFile; fileRef = CEC200CAE8523C19E35BC1A3 /* ChatItems.swift */; };
		BBA8A37D619090D3EE03993C /* SidebarGroupingTests.swift in Sources */ = {isa = PBXBuildFile; fileRef = EF08A07927F964EA986C4020 /* SidebarGroupingTests.swift */; };
		BC18AB3B0EDB45E2B9808B20 /* DictationDeviceUITests.swift in Sources */ = {isa = PBXBuildFile; fileRef = E8AB902C102CE4E024EABF84 /* DictationDeviceUITests.swift */; };
		C029F1C48CBD73F6E6325688 /* MockToolImages.swift in Sources */ = {isa = PBXBuildFile; fileRef = 47F0B68846FDF6B9C29F2556 /* MockToolImages.swift */; };
		C1D8604271A034416D8DA3ED /* ComposerView.swift in Sources */ = {isa = PBXBuildFile; fileRef = 4F0943376AC3BDCDA75E20CC /* ComposerView.swift */; };
		C2FE7A9F8949EBCA537504CA /* AttachmentSheet.swift in Sources */ = {isa = PBXBuildFile; fileRef = F79D68752BE0EB9BFB2FD4EC /* AttachmentSheet.swift */; };
		C34A2C3D2EF3050156579EFB /* Indicators.swift in Sources */ = {isa = PBXBuildFile; fileRef = 4300BCAC01D8E32F1FA56ADC /* Indicators.swift */; };
		C54672B8FA635B14B9F9179C /* DictationDeviceTests.swift in Sources */ = {isa = PBXBuildFile; fileRef = FD6CAD094CBDF0AB4F6577D3 /* DictationDeviceTests.swift */; };
		C6C92B287A1E25BD21E88FB6 /* SidebarToolbar.swift in Sources */ = {isa = PBXBuildFile; fileRef = 2144DDCC30AF97A090E41FA6 /* SidebarToolbar.swift */; };
		CB03996BB925C88854A25A51 /* SidebarListsUITests.swift in Sources */ = {isa = PBXBuildFile; fileRef = DA005D7CFA44FD73D66D7313 /* SidebarListsUITests.swift */; };
		CEA681B5D4F61D7ACFF1AEC7 /* Round8UITests.swift in Sources */ = {isa = PBXBuildFile; fileRef = 529DFC90FF6C08A096A6FA9B /* Round8UITests.swift */; };
		D0CCD89167ACBB59A2D873B6 /* AppModel.swift in Sources */ = {isa = PBXBuildFile; fileRef = 3772B7BC9E1856FB2551A9D4 /* AppModel.swift */; };
		D377964B73A3B54D40269B4E /* Round9LiveUITests.swift in Sources */ = {isa = PBXBuildFile; fileRef = 542B25F8ED297554650A550C /* Round9LiveUITests.swift */; };
		D57124126991A6A518292D1F /* Round9UITests.swift in Sources */ = {isa = PBXBuildFile; fileRef = 0B3D6F1C42AEEF2E695FFE56 /* Round9UITests.swift */; };
		D9F56A5EC5FDAD795F5AE47F /* SidebarProjectSection.swift in Sources */ = {isa = PBXBuildFile; fileRef = 74DD0B4E58CE5EF076DAAE12 /* SidebarProjectSection.swift */; };
		DAD9AA78424A4D9B470B3B1E /* MockBackend.swift in Sources */ = {isa = PBXBuildFile; fileRef = F3BB9BE8AFCB5D157451CFC2 /* MockBackend.swift */; };
		DCAAC942C215822D125587CD /* ToolImages.swift in Sources */ = {isa = PBXBuildFile; fileRef = 7ABA2D010F7491DF3D207451 /* ToolImages.swift */; };
		DFE81EE22F032533638455A8 /* APIClientErrorTests.swift in Sources */ = {isa = PBXBuildFile; fileRef = E379AC9AC1269414DC7E03A9 /* APIClientErrorTests.swift */; };
		E0877286DE8C841071D12151 /* Round10FilesTests.swift in Sources */ = {isa = PBXBuildFile; fileRef = 305C27A91137B87CA137D032 /* Round10FilesTests.swift */; };
		E2EACE0E378A4F4A051D3B84 /* MachineConnection.swift in Sources */ = {isa = PBXBuildFile; fileRef = 851095F9F74FEF6F54B23C56 /* MachineConnection.swift */; };
		E3367A9E8F9848FBEB742FF8 /* LiveReplyTests.swift in Sources */ = {isa = PBXBuildFile; fileRef = 6A6F978C0914B64C02FBC3F4 /* LiveReplyTests.swift */; };
		EC3CB43DF703052C567FD7BB /* DictationUITests.swift in Sources */ = {isa = PBXBuildFile; fileRef = B4E223622E28DF7D1CF140CA /* DictationUITests.swift */; };
		EDB9411AE070F07674418BEA /* SidebarNowCard.swift in Sources */ = {isa = PBXBuildFile; fileRef = 01B230D21495E5D688A678BF /* SidebarNowCard.swift */; };
		EEE0524E7CD8A47845C1CDB2 /* MachinesView.swift in Sources */ = {isa = PBXBuildFile; fileRef = 1A3CF909688C949478BBB443 /* MachinesView.swift */; };
		F0AA0EEF4403BAD6DF90C8AF /* ChatRows.swift in Sources */ = {isa = PBXBuildFile; fileRef = EBF8D8D3985AE405380C374B /* ChatRows.swift */; };
		F0E1F063F8C80074396C0D40 /* LiveToolUITests.swift in Sources */ = {isa = PBXBuildFile; fileRef = 911B728F87D66ED9C7393DCA /* LiveToolUITests.swift */; };
		F159D7122E2234AF01E1DF44 /* Dictation.swift in Sources */ = {isa = PBXBuildFile; fileRef = 3B2CBCE86167886F13DFCC5E /* Dictation.swift */; };
		F3E81726E78071F0E98493CD /* EmptyStateUITests.swift in Sources */ = {isa = PBXBuildFile; fileRef = C7B1E2B5D03381101B4D44B0 /* EmptyStateUITests.swift */; };
		F497E732369A285939A361DF /* LiveReply.swift in Sources */ = {isa = PBXBuildFile; fileRef = FD33F0C433E9DDA4481FB3F3 /* LiveReply.swift */; };
		F6C58171A27E1CB4C3B61345 /* StatusGlyph.swift in Sources */ = {isa = PBXBuildFile; fileRef = 4B5AD38E20353F982021B826 /* StatusGlyph.swift */; };
		F8162CC8A6211B5A282F5A26 /* LiveReplyView.swift in Sources */ = {isa = PBXBuildFile; fileRef = 37F974603DF0BC3EFCAFBC06 /* LiveReplyView.swift */; };
		FDBD8BBAB810DF2CE81502E3 /* SidebarModel.swift in Sources */ = {isa = PBXBuildFile; fileRef = 75FF1B5F03BE66B8748BECE7 /* SidebarModel.swift */; };
/* End PBXBuildFile section */

/* Begin PBXContainerItemProxy section */
		3854DACD222F441A780A22AC /* PBXContainerItemProxy */ = {
			isa = PBXContainerItemProxy;
			containerPortal = 00400E7BA46B4893DB3DAE46 /* Project object */;
			proxyType = 1;
			remoteGlobalIDString = 00CC2921912F47FC3C6615F8;
			remoteInfo = Relay;
		};
		56659E1809A0C78F49479215 /* PBXContainerItemProxy */ = {
			isa = PBXContainerItemProxy;
			containerPortal = 00400E7BA46B4893DB3DAE46 /* Project object */;
			proxyType = 1;
			remoteGlobalIDString = 00CC2921912F47FC3C6615F8;
			remoteInfo = Relay;
		};
/* End PBXContainerItemProxy section */

/* Begin PBXFileReference section */
		01B230D21495E5D688A678BF /* SidebarNowCard.swift */ = {isa = PBXFileReference; lastKnownFileType = sourcecode.swift; path = SidebarNowCard.swift; sourceTree = "<group>"; };
		021AFCBC2410A8CE68452503 /* ControlsTests.swift */ = {isa = PBXFileReference; lastKnownFileType = sourcecode.swift; path = ControlsTests.swift; sourceTree = "<group>"; };
		03C907102EBE91333C7AE729 /* ChangesSheet.swift */ = {isa = PBXFileReference; lastKnownFileType = sourcecode.swift; path = ChangesSheet.swift; sourceTree = "<group>"; };
		04E4390385AB6ED2C837F41B /* FileRequest.swift */ = {isa = PBXFileReference; lastKnownFileType = sourcecode.swift; path = FileRequest.swift; sourceTree = "<group>"; };
		05730F308651B253D7F455FD /* MainView.swift */ = {isa = PBXFileReference; lastKnownFileType = sourcecode.swift; path = MainView.swift; sourceTree = "<group>"; };
		068654CA24C68E73CA658D52 /* ChangesTests.swift */ = {isa = PBXFileReference; lastKnownFileType = sourcecode.swift; path = ChangesTests.swift; sourceTree = "<group>"; };
		0A82BCCC3A5466E4DBBC2AB4 /* LiveKindControlsTests.swift */ = {isa = PBXFileReference; lastKnownFileType = sourcecode.swift; path = LiveKindControlsTests.swift; sourceTree = "<group>"; };
		0B3D6F1C42AEEF2E695FFE56 /* Round9UITests.swift */ = {isa = PBXFileReference; lastKnownFileType = sourcecode.swift; path = Round9UITests.swift; sourceTree = "<group>"; };
		0CA737AB160C376AEE9F4170 /* hello-relay.wav */ = {isa = PBXFileReference; lastKnownFileType = audio.wav; path = "hello-relay.wav"; sourceTree = "<group>"; };
		0F05A5EF8014CC8570129329 /* ImageViewer.swift */ = {isa = PBXFileReference; lastKnownFileType = sourcecode.swift; path = ImageViewer.swift; sourceTree = "<group>"; };
		1018918AE2F900088F209425 /* Round10ChatTests.swift */ = {isa = PBXFileReference; lastKnownFileType = sourcecode.swift; path = Round10ChatTests.swift; sourceTree = "<group>"; };
		1910F7878682151E02B2AFDA /* ToolImageTests.swift */ = {isa = PBXFileReference; lastKnownFileType = sourcecode.swift; path = ToolImageTests.swift; sourceTree = "<group>"; };
		1A3CF909688C949478BBB443 /* MachinesView.swift */ = {isa = PBXFileReference; lastKnownFileType = sourcecode.swift; path = MachinesView.swift; sourceTree = "<group>"; };
		1E60CD3374CCDD32C2AB8863 /* Markdown.swift */ = {isa = PBXFileReference; lastKnownFileType = sourcecode.swift; path = Markdown.swift; sourceTree = "<group>"; };
		1FADD832BD9349C386CAF0BB /* ControlDisplay.swift */ = {isa = PBXFileReference; lastKnownFileType = sourcecode.swift; path = ControlDisplay.swift; sourceTree = "<group>"; };
		2144DDCC30AF97A090E41FA6 /* SidebarToolbar.swift */ = {isa = PBXFileReference; lastKnownFileType = sourcecode.swift; path = SidebarToolbar.swift; sourceTree = "<group>"; };
		221B62D927CB7DF72095AB1A /* AttachmentProcessing.swift */ = {isa = PBXFileReference; lastKnownFileType = sourcecode.swift; path = AttachmentProcessing.swift; sourceTree = "<group>"; };
		225C049D04A9178AB8FDAA99 /* MockChanges.swift */ = {isa = PBXFileReference; lastKnownFileType = sourcecode.swift; path = MockChanges.swift; sourceTree = "<group>"; };
		247130B71D364069C059DFAD /* UsageStore.swift */ = {isa = PBXFileReference; lastKnownFileType = sourcecode.swift; path = UsageStore.swift; sourceTree = "<group>"; };
		247E5C6385B60B0588E471A5 /* Round2UITests.swift */ = {isa = PBXFileReference; lastKnownFileType = sourcecode.swift; path = Round2UITests.swift; sourceTree = "<group>"; };
		25C7F2E3E9DEBF28E427D679 /* StoreTests.swift */ = {isa = PBXFileReference; lastKnownFileType = sourcecode.swift; path = StoreTests.swift; sourceTree = "<group>"; };
		27E3223B55BA79561C265A87 /* DictationTests.swift */ = {isa = PBXFileReference; lastKnownFileType = sourcecode.swift; path = DictationTests.swift; sourceTree = "<group>"; };
		2E9B76A4DA5BA891DBC04D9D /* Round2Tests.swift */ = {isa = PBXFileReference; lastKnownFileType = sourcecode.swift; path = Round2Tests.swift; sourceTree = "<group>"; };
		305C27A91137B87CA137D032 /* Round10FilesTests.swift */ = {isa = PBXFileReference; lastKnownFileType = sourcecode.swift; path = Round10FilesTests.swift; sourceTree = "<group>"; };
		3772B7BC9E1856FB2551A9D4 /* AppModel.swift */ = {isa = PBXFileReference; lastKnownFileType = sourcecode.swift; path = AppModel.swift; sourceTree = "<group>"; };
		37F974603DF0BC3EFCAFBC06 /* LiveReplyView.swift */ = {isa = PBXFileReference; lastKnownFileType = sourcecode.swift; path = LiveReplyView.swift; sourceTree = "<group>"; };
		392F2BF99D8E32E0E09B5BFF /* UsageView.swift */ = {isa = PBXFileReference; lastKnownFileType = sourcecode.swift; path = UsageView.swift; sourceTree = "<group>"; };
		3B2CBCE86167886F13DFCC5E /* Dictation.swift */ = {isa = PBXFileReference; lastKnownFileType = sourcecode.swift; path = Dictation.swift; sourceTree = "<group>"; };
		3CB1C25E90E5E93C02F14C40 /* ComposerAttachments.swift */ = {isa = PBXFileReference; lastKnownFileType = sourcecode.swift; path = ComposerAttachments.swift; sourceTree = "<group>"; };
		417A0DA3F5D971C8037B3AB9 /* SidebarFilterMenuUITests.swift */ = {isa = PBXFileReference; lastKnownFileType = sourcecode.swift; path = SidebarFilterMenuUITests.swift; sourceTree = "<group>"; };
		419E711F41DCBBFD54DC38A3 /* AttachmentViews.swift */ = {isa = PBXFileReference; lastKnownFileType = sourcecode.swift; path = AttachmentViews.swift; sourceTree = "<group>"; };
		4300BCAC01D8E32F1FA56ADC /* Indicators.swift */ = {isa = PBXFileReference; lastKnownFileType = sourcecode.swift; path = Indicators.swift; sourceTree = "<group>"; };
		47201242ACDA851992F807E1 /* NewChatSheet.swift */ = {isa = PBXFileReference; lastKnownFileType = sourcecode.swift; path = NewChatSheet.swift; sourceTree = "<group>"; };
		4771BA329612569354DE5BF8 /* MockMachines.swift */ = {isa = PBXFileReference; lastKnownFileType = sourcecode.swift; path = MockMachines.swift; sourceTree = "<group>"; };
		47F0B68846FDF6B9C29F2556 /* MockToolImages.swift */ = {isa = PBXFileReference; lastKnownFileType = sourcecode.swift; path = MockToolImages.swift; sourceTree = "<group>"; };
		4AF9F054C80D13CEC9C3E9CD /* UsageStoreTests.swift */ = {isa = PBXFileReference; lastKnownFileType = sourcecode.swift; path = UsageStoreTests.swift; sourceTree = "<group>"; };
		4B065EDF3B9E1F1832310B1E /* LiveNewChatTests.swift */ = {isa = PBXFileReference; lastKnownFileType = sourcecode.swift; path = LiveNewChatTests.swift; sourceTree = "<group>"; };
		4B5AD38E20353F982021B826 /* StatusGlyph.swift */ = {isa = PBXFileReference; lastKnownFileType = sourcecode.swift; path = StatusGlyph.swift; sourceTree = "<group>"; };
		4B5FF3D9A36195329B8AAA1D /* Relay.entitlements */ = {isa = PBXFileReference; lastKnownFileType = text.plist.entitlements; path = Relay.entitlements; sourceTree = "<group>"; };
		4CF408B8F742FA41968F3ABB /* MockChats.swift */ = {isa = PBXFileReference; lastKnownFileType = sourcecode.swift; path = MockChats.swift; sourceTree = "<group>"; };
		4E368749B2609FF25E28E313 /* MockSidebar.swift */ = {isa = PBXFileReference; lastKnownFileType = sourcecode.swift; path = MockSidebar.swift; sourceTree = "<group>"; };
		4F0943376AC3BDCDA75E20CC /* ComposerView.swift */ = {isa = PBXFileReference; lastKnownFileType = sourcecode.swift; path = ComposerView.swift; sourceTree = "<group>"; };
		4FCB69102F7992FC4AC43C6D /* FilesPickerUITests.swift */ = {isa = PBXFileReference; lastKnownFileType = sourcecode.swift; path = FilesPickerUITests.swift; sourceTree = "<group>"; };
		515A69B4CDFBB0B2067D00BB /* AppDefaults.swift */ = {isa = PBXFileReference; lastKnownFileType = sourcecode.swift; path = AppDefaults.swift; sourceTree = "<group>"; };
		529DFC90FF6C08A096A6FA9B /* Round8UITests.swift */ = {isa = PBXFileReference; lastKnownFileType = sourcecode.swift; path = Round8UITests.swift; sourceTree = "<group>"; };
		53BC0B51B9E3C3E9AF8E1D5A /* NewChatTests.swift */ = {isa = PBXFileReference; lastKnownFileType = sourcecode.swift; path = NewChatTests.swift; sourceTree = "<group>"; };
		542B25F8ED297554650A550C /* Round9LiveUITests.swift */ = {isa = PBXFileReference; lastKnownFileType = sourcecode.swift; path = Round9LiveUITests.swift; sourceTree = "<group>"; };
		549A59F3CE162D5619C457F9 /* SidebarFilterMenu.swift */ = {isa = PBXFileReference; lastKnownFileType = sourcecode.swift; path = SidebarFilterMenu.swift; sourceTree = "<group>"; };
		5560F841C9C3863AB0E4C205 /* SidebarBottomBar.swift */ = {isa = PBXFileReference; lastKnownFileType = sourcecode.swift; path = SidebarBottomBar.swift; sourceTree = "<group>"; };
		5C46B068AD3725822084EBA7 /* A11yAuditUITests.swift */ = {isa = PBXFileReference; lastKnownFileType = sourcecode.swift; path = A11yAuditUITests.swift; sourceTree = "<group>"; };
		5C9E5E90E859EA6BB468705F /* Assets.xcassets */ = {isa = PBXFileReference; lastKnownFileType = folder.assetcatalog; path = Assets.xcassets; sourceTree = "<group>"; };
		5D05940572E6DF92A9F6CDE4 /* FileViewerSheet.swift */ = {isa = PBXFileReference; lastKnownFileType = sourcecode.swift; path = FileViewerSheet.swift; sourceTree = "<group>"; };
		5FEBB97630576771C2AB71CE /* SidebarMachinesTests.swift */ = {isa = PBXFileReference; lastKnownFileType = sourcecode.swift; path = SidebarMachinesTests.swift; sourceTree = "<group>"; };
		6676570EDC1A73F721CAC291 /* MockControls.swift */ = {isa = PBXFileReference; lastKnownFileType = sourcecode.swift; path = MockControls.swift; sourceTree = "<group>"; };
		69B027531B6CD5942ACF1444 /* ChangeDiffView.swift */ = {isa = PBXFileReference; lastKnownFileType = sourcecode.swift; path = ChangeDiffView.swift; sourceTree = "<group>"; };
		6A6F978C0914B64C02FBC3F4 /* LiveReplyTests.swift */ = {isa = PBXFileReference; lastKnownFileType = sourcecode.swift; path = LiveReplyTests.swift; sourceTree = "<group>"; };
		6E66017241AADFAEEAAED48E /* SidebarModel+Machines.swift */ = {isa = PBXFileReference; lastKnownFileType = sourcecode.swift; path = "SidebarModel+Machines.swift"; sourceTree = "<group>"; };
		72A8F1EB9FA868B41263C78E /* SidebarMachineNotices.swift */ = {isa = PBXFileReference; lastKnownFileType = sourcecode.swift; path = SidebarMachineNotices.swift; sourceTree = "<group>"; };
		74DD0B4E58CE5EF076DAAE12 /* SidebarProjectSection.swift */ = {isa = PBXFileReference; lastKnownFileType = sourcecode.swift; path = SidebarProjectSection.swift; sourceTree = "<group>"; };
		75C54FA6D0E67AA81510F66A /* RelayApp.swift */ = {isa = PBXFileReference; lastKnownFileType = sourcecode.swift; path = RelayApp.swift; sourceTree = "<group>"; };
		75FF1B5F03BE66B8748BECE7 /* SidebarModel.swift */ = {isa = PBXFileReference; lastKnownFileType = sourcecode.swift; path = SidebarModel.swift; sourceTree = "<group>"; };
		77DAB79F6FC24B489B4D50B3 /* Relay-FreeTeam.entitlements */ = {isa = PBXFileReference; lastKnownFileType = text.plist.entitlements; path = "Relay-FreeTeam.entitlements"; sourceTree = "<group>"; };
		78E3AAA9D17440E2BC308FC0 /* RelayUITests.xctest */ = {isa = PBXFileReference; includeInIndex = 0; lastKnownFileType = wrapper.cfbundle; path = RelayUITests.xctest; sourceTree = BUILT_PRODUCTS_DIR; };
		78F4CA5295E71A7C719081F8 /* Round3Tests.swift */ = {isa = PBXFileReference; lastKnownFileType = sourcecode.swift; path = Round3Tests.swift; sourceTree = "<group>"; };
		7ABA2D010F7491DF3D207451 /* ToolImages.swift */ = {isa = PBXFileReference; lastKnownFileType = sourcecode.swift; path = ToolImages.swift; sourceTree = "<group>"; };
		7AD50D15CCCE77FD2C627A69 /* ApprovalViews.swift */ = {isa = PBXFileReference; lastKnownFileType = sourcecode.swift; path = ApprovalViews.swift; sourceTree = "<group>"; };
		7C2FF35A0E89A5DBCB9F89AC /* LiveReplyUITests.swift */ = {isa = PBXFileReference; lastKnownFileType = sourcecode.swift; path = LiveReplyUITests.swift; sourceTree = "<group>"; };
		7D8661E2BDD60A9CC62DE8A9 /* EmptyStateTests.swift */ = {isa = PBXFileReference; lastKnownFileType = sourcecode.swift; path = EmptyStateTests.swift; sourceTree = "<group>"; };
		7EABCC8390D9298E86FFF168 /* RelayState.swift */ = {isa = PBXFileReference; lastKnownFileType = sourcecode.swift; path = RelayState.swift; sourceTree = "<group>"; };
		80270D748DB6A250BBD42E65 /* SidebarView.swift */ = {isa = PBXFileReference; lastKnownFileType = sourcecode.swift; path = SidebarView.swift; sourceTree = "<group>"; };
		81389142837BCFC9F10C8F0D /* PairingView.swift */ = {isa = PBXFileReference; lastKnownFileType = sourcecode.swift; path = PairingView.swift; sourceTree = "<group>"; };
		82B422B228FE886B476AB4D0 /* LiveToolTests.swift */ = {isa = PBXFileReference; lastKnownFileType = sourcecode.swift; path = LiveToolTests.swift; sourceTree = "<group>"; };
		851095F9F74FEF6F54B23C56 /* MachineConnection.swift */ = {isa = PBXFileReference; lastKnownFileType = sourcecode.swift; path = MachineConnection.swift; sourceTree = "<group>"; };
		86224FE3F6FBF4A3DF39FDD3 /* Round8Tests.swift */ = {isa = PBXFileReference; lastKnownFileType = sourcecode.swift; path = Round8Tests.swift; sourceTree = "<group>"; };
		8644DFA6912C27E53A50CB93 /* DesignQAShots.swift */ = {isa = PBXFileReference; lastKnownFileType = sourcecode.swift; path = DesignQAShots.swift; sourceTree = "<group>"; };
		88D68A8E463733AFA1CC27E8 /* LiveChangesUITests.swift */ = {isa = PBXFileReference; lastKnownFileType = sourcecode.swift; path = LiveChangesUITests.swift; sourceTree = "<group>"; };
		88EBB50D6387C066EBEE9162 /* RelayKit */ = {isa = PBXFileReference; lastKnownFileType = folder; name = RelayKit; path = RelayKit; sourceTree = SOURCE_ROOT; };
		8DC9DFEA2A583C3904C32C4A /* SidebarShellUITests.swift */ = {isa = PBXFileReference; lastKnownFileType = sourcecode.swift; path = SidebarShellUITests.swift; sourceTree = "<group>"; };
		8E4566E83031C2B4FDD021C4 /* SessionRow.swift */ = {isa = PBXFileReference; lastKnownFileType = sourcecode.swift; path = SessionRow.swift; sourceTree = "<group>"; };
		90196BBD5CED7BA229F94D64 /* DecodingTests.swift */ = {isa = PBXFileReference; lastKnownFileType = sourcecode.swift; path = DecodingTests.swift; sourceTree = "<group>"; };
		911B728F87D66ED9C7393DCA /* LiveToolUITests.swift */ = {isa = PBXFileReference; lastKnownFileType = sourcecode.swift; path = LiveToolUITests.swift; sourceTree = "<group>"; };
		91EF4DF0EE80F2A5DCE2AC9B /* Round10UITests.swift */ = {isa = PBXFileReference; lastKnownFileType = sourcecode.swift; path = Round10UITests.swift; sourceTree = "<group>"; };
		93FAEBF9FC6FDCDBD9837274 /* MockUITests.swift */ = {isa = PBXFileReference; lastKnownFileType = sourcecode.swift; path = MockUITests.swift; sourceTree = "<group>"; };
		9764FD8B1D9A0BD39A20BCF3 /* ChangesUITests.swift */ = {isa = PBXFileReference; lastKnownFileType = sourcecode.swift; path = ChangesUITests.swift; sourceTree = "<group>"; };
		981548A0980C5B9934F4B0F0 /* MachinesTests.swift */ = {isa = PBXFileReference; lastKnownFileType = sourcecode.swift; path = MachinesTests.swift; sourceTree = "<group>"; };
		A002275E7E5C75D936C3983A /* ChatView.swift */ = {isa = PBXFileReference; lastKnownFileType = sourcecode.swift; path = ChatView.swift; sourceTree = "<group>"; };
		A178273B777793A2C3D8EE33 /* ChangesDisplay.swift */ = {isa = PBXFileReference; lastKnownFileType = sourcecode.swift; path = ChangesDisplay.swift; sourceTree = "<group>"; };
		A23917E0B538A432F082C782 /* LiveE2ETests.swift */ = {isa = PBXFileReference; lastKnownFileType = sourcecode.swift; path = LiveE2ETests.swift; sourceTree = "<group>"; };
		B08D3D1786AE5BC795D70059 /* SidebarMotionUITests.swift */ = {isa = PBXFileReference; lastKnownFileType = sourcecode.swift; path = SidebarMotionUITests.swift; sourceTree = "<group>"; };
		B0A990FC5609C510C9292727 /* AppStore.swift */ = {isa = PBXFileReference; lastKnownFileType = sourcecode.swift; path = AppStore.swift; sourceTree = "<group>"; };
		B2640FB004F58617990C7498 /* Relay.app */ = {isa = PBXFileReference; includeInIndex = 0; lastKnownFileType = wrapper.application; path = Relay.app; sourceTree = BUILT_PRODUCTS_DIR; };
		B4E223622E28DF7D1CF140CA /* DictationUITests.swift */ = {isa = PBXFileReference; lastKnownFileType = sourcecode.swift; path = DictationUITests.swift; sourceTree = "<group>"; };
		B7E8B8A4D17C0BCEE98004CC /* Round3UITests.swift */ = {isa = PBXFileReference; lastKnownFileType = sourcecode.swift; path = Round3UITests.swift; sourceTree = "<group>"; };
		B8C1ACCA60D00EF6EEF0E012 /* CodeView.swift */ = {isa = PBXFileReference; lastKnownFileType = sourcecode.swift; path = CodeView.swift; sourceTree = "<group>"; };
		BABB516AF90FA95A49A1731E /* RelayTests.xctest */ = {isa = PBXFileReference; includeInIndex = 0; lastKnownFileType = wrapper.cfbundle; path = RelayTests.xctest; sourceTree = BUILT_PRODUCTS_DIR; };
		BCB0E0CF94B08A631240AD62 /* ControlMenus.swift */ = {isa = PBXFileReference; lastKnownFileType = sourcecode.swift; path = ControlMenus.swift; sourceTree = "<group>"; };
		BE39210D80C16306A5337D92 /* ToolImagesUITests.swift */ = {isa = PBXFileReference; lastKnownFileType = sourcecode.swift; path = ToolImagesUITests.swift; sourceTree = "<group>"; };
		BE623C1152DC21613907E538 /* ConnectionHardeningTests.swift */ = {isa = PBXFileReference; lastKnownFileType = sourcecode.swift; path = ConnectionHardeningTests.swift; sourceTree = "<group>"; };
		C7B1E2B5D03381101B4D44B0 /* EmptyStateUITests.swift */ = {isa = PBXFileReference; lastKnownFileType = sourcecode.swift; path = EmptyStateUITests.swift; sourceTree = "<group>"; };
		CEC200CAE8523C19E35BC1A3 /* ChatItems.swift */ = {isa = PBXFileReference; lastKnownFileType = sourcecode.swift; path = ChatItems.swift; sourceTree = "<group>"; };
		CF6F0A8401B00C5DBDBBBBD1 /* NewChatUITests.swift */ = {isa = PBXFileReference; lastKnownFileType = sourcecode.swift; path = NewChatUITests.swift; sourceTree = "<group>"; };
		D095BB44A9143B787A093981 /* SpeechDictationEngine.swift */ = {isa = PBXFileReference; lastKnownFileType = sourcecode.swift; path = SpeechDictationEngine.swift; sourceTree = "<group>"; };
		D0BE4C213F77797CD0FB1C10 /* DictationViews.swift */ = {isa = PBXFileReference; lastKnownFileType = sourcecode.swift; path = DictationViews.swift; sourceTree = "<group>"; };
		D507D7F7C4E8DF422BD7F0A3 /* AgentEmptyState.swift */ = {isa = PBXFileReference; lastKnownFileType = sourcecode.swift; path = AgentEmptyState.swift; sourceTree = "<group>"; };
		DA005D7CFA44FD73D66D7313 /* SidebarListsUITests.swift */ = {isa = PBXFileReference; lastKnownFileType = sourcecode.swift; path = SidebarListsUITests.swift; sourceTree = "<group>"; };
		DD6546E114339B049F0E091E /* Info.plist */ = {isa = PBXFileReference; lastKnownFileType = text.plist; path = Info.plist; sourceTree = "<group>"; };
		E379AC9AC1269414DC7E03A9 /* APIClientErrorTests.swift */ = {isa = PBXFileReference; lastKnownFileType = sourcecode.swift; path = APIClientErrorTests.swift; sourceTree = "<group>"; };
		E880F9350D8CE36AC909C685 /* PlanCard.swift */ = {isa = PBXFileReference; lastKnownFileType = sourcecode.swift; path = PlanCard.swift; sourceTree = "<group>"; };
		E8AB902C102CE4E024EABF84 /* DictationDeviceUITests.swift */ = {isa = PBXFileReference; lastKnownFileType = sourcecode.swift; path = DictationDeviceUITests.swift; sourceTree = "<group>"; };
		E8B8F62C680E3EBC3FD03A77 /* MockFiles.swift */ = {isa = PBXFileReference; lastKnownFileType = sourcecode.swift; path = MockFiles.swift; sourceTree = "<group>"; };
		EBF8D8D3985AE405380C374B /* ChatRows.swift */ = {isa = PBXFileReference; lastKnownFileType = sourcecode.swift; path = ChatRows.swift; sourceTree = "<group>"; };
		EF08A07927F964EA986C4020 /* SidebarGroupingTests.swift */ = {isa = PBXFileReference; lastKnownFileType = sourcecode.swift; path = SidebarGroupingTests.swift; sourceTree = "<group>"; };
		F3BB9BE8AFCB5D157451CFC2 /* MockBackend.swift */ = {isa = PBXFileReference; lastKnownFileType = sourcecode.swift; path = MockBackend.swift; sourceTree = "<group>"; };
		F4E037C3CB7E6F9CBB240548 /* ReducerTests.swift */ = {isa = PBXFileReference; lastKnownFileType = sourcecode.swift; path = ReducerTests.swift; sourceTree = "<group>"; };
		F79D68752BE0EB9BFB2FD4EC /* AttachmentSheet.swift */ = {isa = PBXFileReference; lastKnownFileType = sourcecode.swift; path = AttachmentSheet.swift; sourceTree = "<group>"; };
		F89AFDAC6FDE6C4B8A4F3B37 /* FileDiff.swift */ = {isa = PBXFileReference; lastKnownFileType = sourcecode.swift; path = FileDiff.swift; sourceTree = "<group>"; };
		FA9C80E6E441A5F4A727FF35 /* MockPlan.swift */ = {isa = PBXFileReference; lastKnownFileType = sourcecode.swift; path = MockPlan.swift; sourceTree = "<group>"; };
		FD33F0C433E9DDA4481FB3F3 /* LiveReply.swift */ = {isa = PBXFileReference; lastKnownFileType = sourcecode.swift; path = LiveReply.swift; sourceTree = "<group>"; };
		FD6CAD094CBDF0AB4F6577D3 /* DictationDeviceTests.swift */ = {isa = PBXFileReference; lastKnownFileType = sourcecode.swift; path = DictationDeviceTests.swift; sourceTree = "<group>"; };
/* End PBXFileReference section */

/* Begin PBXFrameworksBuildPhase section */
		190866553254ED71C883676A /* Frameworks */ = {
			isa = PBXFrameworksBuildPhase;
			buildActionMask = 2147483647;
			files = (
				805FC1F71935D1871D4D3F36 /* RelayKit in Frameworks */,
			);
			runOnlyForDeploymentPostprocessing = 0;
		};
		EF50208E6B06E9FF6A31ED33 /* Frameworks */ = {
			isa = PBXFrameworksBuildPhase;
			buildActionMask = 2147483647;
			files = (
				4900F6EF78F8F5B2F3228ECA /* RelayKit in Frameworks */,
			);
			runOnlyForDeploymentPostprocessing = 0;
		};
/* End PBXFrameworksBuildPhase section */

/* Begin PBXGroup section */
		03B050AAD059E85D4F11F06C /* Features */ = {
			isa = PBXGroup;
			children = (
				ACB6D5F49F39AA29660B73C9 /* Approval */,
				AEBD1A3A770BB5F9EEE253B3 /* Attachments */,
				CD0441EF8872A8E37F06A75C /* Changes */,
				69DEEA0752D416BFACE3C8A9 /* Chat */,
				29136E8D0AD8A4C351BDA3E3 /* Composer */,
				7337D0621EAB7033320A49A0 /* Controls */,
				C561340E926F586A292F9793 /* Files */,
				2EB4CC06DEE202B4254A79AE /* Machines */,
				652432F71504AE1DB048F910 /* NewChat */,
				C18D308A105FB1D213BB680A /* Pairing */,
				86DBCF1CC7BA898926994BE4 /* Sidebar */,
				DCA46D6608A4236AA91C2EC5 /* Usage */,
			);
			path = Features;
			sourceTree = "<group>";
		};
		1BFBA766DE2B33272BBB2645 /* Resources */ = {
			isa = PBXGroup;
			children = (
				5C9E5E90E859EA6BB468705F /* Assets.xcassets */,
			);
			path = Resources;
			sourceTree = "<group>";
		};
		29136E8D0AD8A4C351BDA3E3 /* Composer */ = {
			isa = PBXGroup;
			children = (
				4F0943376AC3BDCDA75E20CC /* ComposerView.swift */,
				3B2CBCE86167886F13DFCC5E /* Dictation.swift */,
				D0BE4C213F77797CD0FB1C10 /* DictationViews.swift */,
				D095BB44A9143B787A093981 /* SpeechDictationEngine.swift */,
			);
			path = Composer;
			sourceTree = "<group>";
		};
		2BDD539D109C84431C88F668 /* Audio */ = {
			isa = PBXGroup;
			children = (
				0CA737AB160C376AEE9F4170 /* hello-relay.wav */,
			);
			path = Audio;
			sourceTree = "<group>";
		};
		2EB4CC06DEE202B4254A79AE /* Machines */ = {
			isa = PBXGroup;
			children = (
				1A3CF909688C949478BBB443 /* MachinesView.swift */,
			);
			path = Machines;
			sourceTree = "<group>";
		};
		652432F71504AE1DB048F910 /* NewChat */ = {
			isa = PBXGroup;
			children = (
				47201242ACDA851992F807E1 /* NewChatSheet.swift */,
			);
			path = NewChat;
			sourceTree = "<group>";
		};
		69DEEA0752D416BFACE3C8A9 /* Chat */ = {
			isa = PBXGroup;
			children = (
				D507D7F7C4E8DF422BD7F0A3 /* AgentEmptyState.swift */,
				CEC200CAE8523C19E35BC1A3 /* ChatItems.swift */,
				EBF8D8D3985AE405380C374B /* ChatRows.swift */,
				A002275E7E5C75D936C3983A /* ChatView.swift */,
				37F974603DF0BC3EFCAFBC06 /* LiveReplyView.swift */,
				E880F9350D8CE36AC909C685 /* PlanCard.swift */,
				7ABA2D010F7491DF3D207451 /* ToolImages.swift */,
			);
			path = Chat;
			sourceTree = "<group>";
		};
		6DC5E2796C681BFDFEFF0EB3 /* Mock */ = {
			isa = PBXGroup;
			children = (
				F3BB9BE8AFCB5D157451CFC2 /* MockBackend.swift */,
				225C049D04A9178AB8FDAA99 /* MockChanges.swift */,
				4CF408B8F742FA41968F3ABB /* MockChats.swift */,
				6676570EDC1A73F721CAC291 /* MockControls.swift */,
				E8B8F62C680E3EBC3FD03A77 /* MockFiles.swift */,
				4771BA329612569354DE5BF8 /* MockMachines.swift */,
				FA9C80E6E441A5F4A727FF35 /* MockPlan.swift */,
				4E368749B2609FF25E28E313 /* MockSidebar.swift */,
				47F0B68846FDF6B9C29F2556 /* MockToolImages.swift */,
			);
			path = Mock;
			sourceTree = "<group>";
		};
		7337D0621EAB7033320A49A0 /* Controls */ = {
			isa = PBXGroup;
			children = (
				1FADD832BD9349C386CAF0BB /* ControlDisplay.swift */,
				BCB0E0CF94B08A631240AD62 /* ControlMenus.swift */,
			);
			path = Controls;
			sourceTree = "<group>";
		};
		8108792C7BDAA099F962E116 /* Products */ = {
			isa = PBXGroup;
			children = (
				B2640FB004F58617990C7498 /* Relay.app */,
				BABB516AF90FA95A49A1731E /* RelayTests.xctest */,
				78E3AAA9D17440E2BC308FC0 /* RelayUITests.xctest */,
			);
			name = Products;
			sourceTree = "<group>";
		};
		86DBCF1CC7BA898926994BE4 /* Sidebar */ = {
			isa = PBXGroup;
			children = (
				8E4566E83031C2B4FDD021C4 /* SessionRow.swift */,
				5560F841C9C3863AB0E4C205 /* SidebarBottomBar.swift */,
				549A59F3CE162D5619C457F9 /* SidebarFilterMenu.swift */,
				72A8F1EB9FA868B41263C78E /* SidebarMachineNotices.swift */,
				01B230D21495E5D688A678BF /* SidebarNowCard.swift */,
				74DD0B4E58CE5EF076DAAE12 /* SidebarProjectSection.swift */,
				2144DDCC30AF97A090E41FA6 /* SidebarToolbar.swift */,
				80270D748DB6A250BBD42E65 /* SidebarView.swift */,
				4B5AD38E20353F982021B826 /* StatusGlyph.swift */,
			);
			path = Sidebar;
			sourceTree = "<group>";
		};
		96D02309876A3C029DF41C69 /* Packages */ = {
			isa = PBXGroup;
			children = (
				88EBB50D6387C066EBEE9162 /* RelayKit */,
			);
			name = Packages;
			sourceTree = "<group>";
		};
		A3B1078494319AB67E3172D5 /* App */ = {
			isa = PBXGroup;
			children = (
				515A69B4CDFBB0B2067D00BB /* AppDefaults.swift */,
				3772B7BC9E1856FB2551A9D4 /* AppModel.swift */,
				05730F308651B253D7F455FD /* MainView.swift */,
				75C54FA6D0E67AA81510F66A /* RelayApp.swift */,
			);
			path = App;
			sourceTree = "<group>";
		};
		ACB6D5F49F39AA29660B73C9 /* Approval */ = {
			isa = PBXGroup;
			children = (
				7AD50D15CCCE77FD2C627A69 /* ApprovalViews.swift */,
			);
			path = Approval;
			sourceTree = "<group>";
		};
		AEBD1A3A770BB5F9EEE253B3 /* Attachments */ = {
			isa = PBXGroup;
			children = (
				221B62D927CB7DF72095AB1A /* AttachmentProcessing.swift */,
				F79D68752BE0EB9BFB2FD4EC /* AttachmentSheet.swift */,
				419E711F41DCBBFD54DC38A3 /* AttachmentViews.swift */,
				3CB1C25E90E5E93C02F14C40 /* ComposerAttachments.swift */,
			);
			path = Attachments;
			sourceTree = "<group>";
		};
		C18D308A105FB1D213BB680A /* Pairing */ = {
			isa = PBXGroup;
			children = (
				81389142837BCFC9F10C8F0D /* PairingView.swift */,
			);
			path = Pairing;
			sourceTree = "<group>";
		};
		C52F87F100EAF9D7C65F5494 /* RelayUITests */ = {
			isa = PBXGroup;
			children = (
				5C46B068AD3725822084EBA7 /* A11yAuditUITests.swift */,
				9764FD8B1D9A0BD39A20BCF3 /* ChangesUITests.swift */,
				8644DFA6912C27E53A50CB93 /* DesignQAShots.swift */,
				E8AB902C102CE4E024EABF84 /* DictationDeviceUITests.swift */,
				B4E223622E28DF7D1CF140CA /* DictationUITests.swift */,
				C7B1E2B5D03381101B4D44B0 /* EmptyStateUITests.swift */,
				4FCB69102F7992FC4AC43C6D /* FilesPickerUITests.swift */,
				88D68A8E463733AFA1CC27E8 /* LiveChangesUITests.swift */,
				A23917E0B538A432F082C782 /* LiveE2ETests.swift */,
				0A82BCCC3A5466E4DBBC2AB4 /* LiveKindControlsTests.swift */,
				4B065EDF3B9E1F1832310B1E /* LiveNewChatTests.swift */,
				7C2FF35A0E89A5DBCB9F89AC /* LiveReplyUITests.swift */,
				911B728F87D66ED9C7393DCA /* LiveToolUITests.swift */,
				93FAEBF9FC6FDCDBD9837274 /* MockUITests.swift */,
				CF6F0A8401B00C5DBDBBBBD1 /* NewChatUITests.swift */,
				247E5C6385B60B0588E471A5 /* Round2UITests.swift */,
				B7E8B8A4D17C0BCEE98004CC /* Round3UITests.swift */,
				529DFC90FF6C08A096A6FA9B /* Round8UITests.swift */,
				542B25F8ED297554650A550C /* Round9LiveUITests.swift */,
				0B3D6F1C42AEEF2E695FFE56 /* Round9UITests.swift */,
				91EF4DF0EE80F2A5DCE2AC9B /* Round10UITests.swift */,
				417A0DA3F5D971C8037B3AB9 /* SidebarFilterMenuUITests.swift */,
				DA005D7CFA44FD73D66D7313 /* SidebarListsUITests.swift */,
				B08D3D1786AE5BC795D70059 /* SidebarMotionUITests.swift */,
				8DC9DFEA2A583C3904C32C4A /* SidebarShellUITests.swift */,
				BE39210D80C16306A5337D92 /* ToolImagesUITests.swift */,
			);
			path = RelayUITests;
			sourceTree = "<group>";
		};
		C561340E926F586A292F9793 /* Files */ = {
			isa = PBXGroup;
			children = (
				B8C1ACCA60D00EF6EEF0E012 /* CodeView.swift */,
				F89AFDAC6FDE6C4B8A4F3B37 /* FileDiff.swift */,
				04E4390385AB6ED2C837F41B /* FileRequest.swift */,
				5D05940572E6DF92A9F6CDE4 /* FileViewerSheet.swift */,
			);
			path = Files;
			sourceTree = "<group>";
		};
		CD0441EF8872A8E37F06A75C /* Changes */ = {
			isa = PBXGroup;
			children = (
				69B027531B6CD5942ACF1444 /* ChangeDiffView.swift */,
				A178273B777793A2C3D8EE33 /* ChangesDisplay.swift */,
				03C907102EBE91333C7AE729 /* ChangesSheet.swift */,
			);
			path = Changes;
			sourceTree = "<group>";
		};
		CEBA2E9E819B63CE9D18A7E1 /* Stores */ = {
			isa = PBXGroup;
			children = (
				B0A990FC5609C510C9292727 /* AppStore.swift */,
				FD33F0C433E9DDA4481FB3F3 /* LiveReply.swift */,
				851095F9F74FEF6F54B23C56 /* MachineConnection.swift */,
				7EABCC8390D9298E86FFF168 /* RelayState.swift */,
				75FF1B5F03BE66B8748BECE7 /* SidebarModel.swift */,
				6E66017241AADFAEEAAED48E /* SidebarModel+Machines.swift */,
				247130B71D364069C059DFAD /* UsageStore.swift */,
			);
			path = Stores;
			sourceTree = "<group>";
		};
		D9F048455E4855B965AFBE40 /* DesignSystem */ = {
			isa = PBXGroup;
			children = (
				0F05A5EF8014CC8570129329 /* ImageViewer.swift */,
				4300BCAC01D8E32F1FA56ADC /* Indicators.swift */,
				1E60CD3374CCDD32C2AB8863 /* Markdown.swift */,
			);
			path = DesignSystem;
			sourceTree = "<group>";
		};
		DC658091D1A7F7FB428FB8C2 = {
			isa = PBXGroup;
			children = (
				96D02309876A3C029DF41C69 /* Packages */,
				E543C263B165077F89769C48 /* Relay */,
				E9C14B8A9590FCA3EDCFEAEA /* RelayTests */,
				C52F87F100EAF9D7C65F5494 /* RelayUITests */,
				8108792C7BDAA099F962E116 /* Products */,
			);
			sourceTree = "<group>";
		};
		DCA46D6608A4236AA91C2EC5 /* Usage */ = {
			isa = PBXGroup;
			children = (
				392F2BF99D8E32E0E09B5BFF /* UsageView.swift */,
			);
			path = Usage;
			sourceTree = "<group>";
		};
		E543C263B165077F89769C48 /* Relay */ = {
			isa = PBXGroup;
			children = (
				DD6546E114339B049F0E091E /* Info.plist */,
				77DAB79F6FC24B489B4D50B3 /* Relay-FreeTeam.entitlements */,
				4B5FF3D9A36195329B8AAA1D /* Relay.entitlements */,
				A3B1078494319AB67E3172D5 /* App */,
				D9F048455E4855B965AFBE40 /* DesignSystem */,
				03B050AAD059E85D4F11F06C /* Features */,
				6DC5E2796C681BFDFEFF0EB3 /* Mock */,
				1BFBA766DE2B33272BBB2645 /* Resources */,
				CEBA2E9E819B63CE9D18A7E1 /* Stores */,
			);
			path = Relay;
			sourceTree = "<group>";
		};
		E9C14B8A9590FCA3EDCFEAEA /* RelayTests */ = {
			isa = PBXGroup;
			children = (
				E379AC9AC1269414DC7E03A9 /* APIClientErrorTests.swift */,
				068654CA24C68E73CA658D52 /* ChangesTests.swift */,
				BE623C1152DC21613907E538 /* ConnectionHardeningTests.swift */,
				021AFCBC2410A8CE68452503 /* ControlsTests.swift */,
				90196BBD5CED7BA229F94D64 /* DecodingTests.swift */,
				FD6CAD094CBDF0AB4F6577D3 /* DictationDeviceTests.swift */,
				27E3223B55BA79561C265A87 /* DictationTests.swift */,
				7D8661E2BDD60A9CC62DE8A9 /* EmptyStateTests.swift */,
				6A6F978C0914B64C02FBC3F4 /* LiveReplyTests.swift */,
				82B422B228FE886B476AB4D0 /* LiveToolTests.swift */,
				981548A0980C5B9934F4B0F0 /* MachinesTests.swift */,
				53BC0B51B9E3C3E9AF8E1D5A /* NewChatTests.swift */,
				F4E037C3CB7E6F9CBB240548 /* ReducerTests.swift */,
				2E9B76A4DA5BA891DBC04D9D /* Round2Tests.swift */,
				78F4CA5295E71A7C719081F8 /* Round3Tests.swift */,
				86224FE3F6FBF4A3DF39FDD3 /* Round8Tests.swift */,
				1018918AE2F900088F209425 /* Round10ChatTests.swift */,
				305C27A91137B87CA137D032 /* Round10FilesTests.swift */,
				EF08A07927F964EA986C4020 /* SidebarGroupingTests.swift */,
				5FEBB97630576771C2AB71CE /* SidebarMachinesTests.swift */,
				25C7F2E3E9DEBF28E427D679 /* StoreTests.swift */,
				1910F7878682151E02B2AFDA /* ToolImageTests.swift */,
				4AF9F054C80D13CEC9C3E9CD /* UsageStoreTests.swift */,
				2BDD539D109C84431C88F668 /* Audio */,
			);
			path = RelayTests;
			sourceTree = "<group>";
		};
/* End PBXGroup section */

/* Begin PBXNativeTarget section */
		00CC2921912F47FC3C6615F8 /* Relay */ = {
			isa = PBXNativeTarget;
			buildConfigurationList = 123F6CBD015F52CA68038BCE /* Build configuration list for PBXNativeTarget "Relay" */;
			buildPhases = (
				EC79C452CC5E84280E112945 /* Sources */,
				B2BD664DAF308B86A7FDF1AC /* Resources */,
				EF50208E6B06E9FF6A31ED33 /* Frameworks */,
				D622685BE0761C2EB9AFEF6E /* Copy fixtures (Debug only) */,
			);
			buildRules = (
			);
			dependencies = (
			);
			name = Relay;
			packageProductDependencies = (
				BBCA5FD19EB45071473A3C7D /* RelayKit */,
			);
			productName = Relay;
			productReference = B2640FB004F58617990C7498 /* Relay.app */;
			productType = "com.apple.product-type.application";
		};
		22D63D7F51BA7ACCC91FF884 /* RelayTests */ = {
			isa = PBXNativeTarget;
			buildConfigurationList = E227B8FDC7CB304FEE66DF90 /* Build configuration list for PBXNativeTarget "RelayTests" */;
			buildPhases = (
				A5E928E34BD5CECB56D64538 /* Sources */,
				3774D22157465511C4814F16 /* Resources */,
				190866553254ED71C883676A /* Frameworks */,
			);
			buildRules = (
			);
			dependencies = (
				B789F58BB61B880D7F193A2B /* PBXTargetDependency */,
			);
			name = RelayTests;
			packageProductDependencies = (
				67ECA99C43186CD671E794FC /* RelayKit */,
			);
			productName = RelayTests;
			productReference = BABB516AF90FA95A49A1731E /* RelayTests.xctest */;
			productType = "com.apple.product-type.bundle.unit-test";
		};
		44948475B68E1616C5A4C8E7 /* RelayUITests */ = {
			isa = PBXNativeTarget;
			buildConfigurationList = BEF0E16E0C44253F0EED586F /* Build configuration list for PBXNativeTarget "RelayUITests" */;
			buildPhases = (
				18859D49C3B139ACBF876672 /* Sources */,
			);
			buildRules = (
			);
			dependencies = (
				78DC4C07B612F662DD462B2A /* PBXTargetDependency */,
			);
			name = RelayUITests;
			packageProductDependencies = (
			);
			productName = RelayUITests;
			productReference = 78E3AAA9D17440E2BC308FC0 /* RelayUITests.xctest */;
			productType = "com.apple.product-type.bundle.ui-testing";
		};
/* End PBXNativeTarget section */

/* Begin PBXProject section */
		00400E7BA46B4893DB3DAE46 /* Project object */ = {
			isa = PBXProject;
			attributes = {
				BuildIndependentTargetsInParallel = YES;
				LastUpgradeCheck = 1430;
				TargetAttributes = {
					00CC2921912F47FC3C6615F8 = {
						DevelopmentTeam = "";
						ProvisioningStyle = Automatic;
					};
					22D63D7F51BA7ACCC91FF884 = {
						DevelopmentTeam = "";
						ProvisioningStyle = Automatic;
					};
					44948475B68E1616C5A4C8E7 = {
						DevelopmentTeam = "";
						ProvisioningStyle = Automatic;
						TestTargetID = 00CC2921912F47FC3C6615F8;
					};
				};
			};
			buildConfigurationList = CAE7F6E0ECA548A1858A3109 /* Build configuration list for PBXProject "Relay" */;
			developmentRegion = en;
			hasScannedForEncodings = 0;
			knownRegions = (
				Base,
				en,
			);
			mainGroup = DC658091D1A7F7FB428FB8C2;
			minimizedProjectReferenceProxies = 1;
			packageReferences = (
				701D0C9EC7A179F3BAE3BDA0 /* XCLocalSwiftPackageReference "RelayKit" */,
			);
			preferredProjectObjectVersion = 77;
			productRefGroup = 8108792C7BDAA099F962E116 /* Products */;
			projectDirPath = "";
			projectRoot = "";
			targets = (
				00CC2921912F47FC3C6615F8 /* Relay */,
				22D63D7F51BA7ACCC91FF884 /* RelayTests */,
				44948475B68E1616C5A4C8E7 /* RelayUITests */,
			);
		};
/* End PBXProject section */

/* Begin PBXResourcesBuildPhase section */
		3774D22157465511C4814F16 /* Resources */ = {
			isa = PBXResourcesBuildPhase;
			buildActionMask = 2147483647;
			files = (
				3FD4C4E3EEE7193278F0AB3E /* hello-relay.wav in Resources */,
			);
			runOnlyForDeploymentPostprocessing = 0;
		};
		B2BD664DAF308B86A7FDF1AC /* Resources */ = {
			isa = PBXResourcesBuildPhase;
			buildActionMask = 2147483647;
			files = (
				3CD0EB069D059BC0ADFD5EAC /* Assets.xcassets in Resources */,
			);
			runOnlyForDeploymentPostprocessing = 0;
		};
/* End PBXResourcesBuildPhase section */

/* Begin PBXShellScriptBuildPhase section */
		D622685BE0761C2EB9AFEF6E /* Copy fixtures (Debug only) */ = {
			isa = PBXShellScriptBuildPhase;
			alwaysOutOfDate = 1;
			buildActionMask = 2147483647;
			files = (
			);
			inputFileListPaths = (
			);
			inputPaths = (
			);
			name = "Copy fixtures (Debug only)";
			outputFileListPaths = (
			);
			outputPaths = (
			);
			runOnlyForDeploymentPostprocessing = 0;
			shellPath = /bin/sh;
			shellScript = "if [ \"$CONFIGURATION\" = \"Debug\" ]; then\n  dest=\"$TARGET_BUILD_DIR/$UNLOCALIZED_RESOURCES_FOLDER_PATH/Fixtures\"\n  mkdir -p \"$dest\"\n  cp \"$SRCROOT/../docs/fixtures/\"*.json \"$SRCROOT/../docs/fixtures/\"*.jsonl \"$dest/\"\nfi\n";
		};
/* End PBXShellScriptBuildPhase section */

/* Begin PBXSourcesBuildPhase section */
		18859D49C3B139ACBF876672 /* Sources */ = {
			isa = PBXSourcesBuildPhase;
			buildActionMask = 2147483647;
			files = (
				A585C6C20457D9E8206A6F09 /* A11yAuditUITests.swift in Sources */,
				28A9FD4A999109F07766ACC9 /* ChangesUITests.swift in Sources */,
				506A057C19B556A24ADDA85C /* DesignQAShots.swift in Sources */,
				BC18AB3B0EDB45E2B9808B20 /* DictationDeviceUITests.swift in Sources */,
				EC3CB43DF703052C567FD7BB /* DictationUITests.swift in Sources */,
				F3E81726E78071F0E98493CD /* EmptyStateUITests.swift in Sources */,
				4A2B34B1063A16F8A6D09DDB /* FilesPickerUITests.swift in Sources */,
				28C0A3C112BEA40B4A1F6113 /* LiveChangesUITests.swift in Sources */,
				9D3D5AF639C417A1CC9297FA /* LiveE2ETests.swift in Sources */,
				526CC581323542FEA1CF344F /* LiveKindControlsTests.swift in Sources */,
				0E0524B7FA44C586C9538A36 /* LiveNewChatTests.swift in Sources */,
				4E4411C10C00A4ED93CD86AE /* LiveReplyUITests.swift in Sources */,
				F0E1F063F8C80074396C0D40 /* LiveToolUITests.swift in Sources */,
				1DE542C7C80DB21ADB144893 /* MockUITests.swift in Sources */,
				43B00B6D80DAE4131F4C9BAF /* NewChatUITests.swift in Sources */,
				5971EDF0147F1973E07C5EE1 /* Round10UITests.swift in Sources */,
				3E03058DD86EB9DEE1DA4D9C /* Round2UITests.swift in Sources */,
				303A3EA21AC18011F2DAAADD /* Round3UITests.swift in Sources */,
				CEA681B5D4F61D7ACFF1AEC7 /* Round8UITests.swift in Sources */,
				D377964B73A3B54D40269B4E /* Round9LiveUITests.swift in Sources */,
				D57124126991A6A518292D1F /* Round9UITests.swift in Sources */,
				A7E1DA77E629553712BD1336 /* SidebarFilterMenuUITests.swift in Sources */,
				CB03996BB925C88854A25A51 /* SidebarListsUITests.swift in Sources */,
				22D12E314E1B2EBA77599739 /* SidebarMotionUITests.swift in Sources */,
				889C3A919533D22321C6FF59 /* SidebarShellUITests.swift in Sources */,
				7AB2D3C561E6112DF4C60D3B /* ToolImagesUITests.swift in Sources */,
			);
			runOnlyForDeploymentPostprocessing = 0;
		};
		A5E928E34BD5CECB56D64538 /* Sources */ = {
			isa = PBXSourcesBuildPhase;
			buildActionMask = 2147483647;
			files = (
				DFE81EE22F032533638455A8 /* APIClientErrorTests.swift in Sources */,
				0289047365D92EF244459C7D /* ChangesTests.swift in Sources */,
				3C9DA1CAB75253FCFCD2A77A /* ConnectionHardeningTests.swift in Sources */,
				3F5E994A5102C645FC68DDE9 /* ControlsTests.swift in Sources */,
				7D0D49DBA9142B74E0A83FB8 /* DecodingTests.swift in Sources */,
				C54672B8FA635B14B9F9179C /* DictationDeviceTests.swift in Sources */,
				4A52CCA243840AC07906026A /* DictationTests.swift in Sources */,
				3BAA7C393662E6FF5FAC27FB /* EmptyStateTests.swift in Sources */,
				E3367A9E8F9848FBEB742FF8 /* LiveReplyTests.swift in Sources */,
				7911D9686763E2217D75E764 /* LiveToolTests.swift in Sources */,
				32C2B8475A5F523595943225 /* MachinesTests.swift in Sources */,
				AE7C9913E4BE7398EAC193C6 /* NewChatTests.swift in Sources */,
				8A64622C8DFB780A4A2ACBB6 /* ReducerTests.swift in Sources */,
				71E531E2932E1255271332A0 /* Round10ChatTests.swift in Sources */,
				E0877286DE8C841071D12151 /* Round10FilesTests.swift in Sources */,
				AFCB351F77BFF9ECC3E5CD6B /* Round2Tests.swift in Sources */,
				48FD6423D2C6BB21B97D3DA1 /* Round3Tests.swift in Sources */,
				470FD55FD67E2971D03B52AE /* Round8Tests.swift in Sources */,
				BBA8A37D619090D3EE03993C /* SidebarGroupingTests.swift in Sources */,
				01304AECF25C9062F386D22A /* SidebarMachinesTests.swift in Sources */,
				0809D2C3563805DB04E028B5 /* StoreTests.swift in Sources */,
				AC7B99D0F84AEEA37845399F /* ToolImageTests.swift in Sources */,
				288359C2A828D2EF39720831 /* UsageStoreTests.swift in Sources */,
			);
			runOnlyForDeploymentPostprocessing = 0;
		};
		EC79C452CC5E84280E112945 /* Sources */ = {
			isa = PBXSourcesBuildPhase;
			buildActionMask = 2147483647;
			files = (
				342D3151A1499C69A42FDC73 /* AgentEmptyState.swift in Sources */,
				2209439B681C3CF903C79850 /* AppDefaults.swift in Sources */,
				D0CCD89167ACBB59A2D873B6 /* AppModel.swift in Sources */,
				686AAFC844E3A23D25C9DFB5 /* AppStore.swift in Sources */,
				4343ECBEA49302122D583485 /* ApprovalViews.swift in Sources */,
				7D7D6D31B3F1D331FBE35A11 /* AttachmentProcessing.swift in Sources */,
				C2FE7A9F8949EBCA537504CA /* AttachmentSheet.swift in Sources */,
				6EDE857D80CB85B4580F175F /* AttachmentViews.swift in Sources */,
				5803C635E4A4470E5D37FE30 /* ChangeDiffView.swift in Sources */,
				B1CFF156833E1CE7E875AC19 /* ChangesDisplay.swift in Sources */,
				2417B738933672A1021CDEF5 /* ChangesSheet.swift in Sources */,
				B88DF0DF351010DBEC93DE1F /* ChatItems.swift in Sources */,
				F0AA0EEF4403BAD6DF90C8AF /* ChatRows.swift in Sources */,
				3D17D6B59B6C4B3F1E415068 /* ChatView.swift in Sources */,
				B227F939A6A02F5355EE9698 /* CodeView.swift in Sources */,
				3BE93DB748CB721B7C709938 /* ComposerAttachments.swift in Sources */,
				C1D8604271A034416D8DA3ED /* ComposerView.swift in Sources */,
				88EE44731B4AE49DD2F18D0E /* ControlDisplay.swift in Sources */,
				94DD778E22D03B48E25FA1BB /* ControlMenus.swift in Sources */,
				F159D7122E2234AF01E1DF44 /* Dictation.swift in Sources */,
				952F6D5156B875E2304F5D27 /* DictationViews.swift in Sources */,
				166297BC952D6B438A9D7EAF /* FileDiff.swift in Sources */,
				766637A1893FF6699D308EE3 /* FileRequest.swift in Sources */,
				0AC99AD4809CA39D8693E4F1 /* FileViewerSheet.swift in Sources */,
				4F4F5454EC605161F40BACF1 /* ImageViewer.swift in Sources */,
				C34A2C3D2EF3050156579EFB /* Indicators.swift in Sources */,
				F497E732369A285939A361DF /* LiveReply.swift in Sources */,
				F8162CC8A6211B5A282F5A26 /* LiveReplyView.swift in Sources */,
				E2EACE0E378A4F4A051D3B84 /* MachineConnection.swift in Sources */,
				EEE0524E7CD8A47845C1CDB2 /* MachinesView.swift in Sources */,
				66C1F33B161E533D81BED6CB /* MainView.swift in Sources */,
				1F4A03B8A6AEE7AC1D217650 /* Markdown.swift in Sources */,
				DAD9AA78424A4D9B470B3B1E /* MockBackend.swift in Sources */,
				73BFAAD4A2667ECD532E6526 /* MockChanges.swift in Sources */,
				018AD3C5159E6795523D2659 /* MockChats.swift in Sources */,
				9373CEA64F8497408CC06EA3 /* MockControls.swift in Sources */,
				9A90FD658EA956DE78CDB0A9 /* MockFiles.swift in Sources */,
				40056E06233316D6D9DC7BE5 /* MockMachines.swift in Sources */,
				959AF3E23CF218E9E366FE2D /* MockPlan.swift in Sources */,
				38C7BE05CC0140213CBE86F9 /* MockSidebar.swift in Sources */,
				C029F1C48CBD73F6E6325688 /* MockToolImages.swift in Sources */,
				136B832685A55A9B9B867DD0 /* NewChatSheet.swift in Sources */,
				A58F62C0ACEFC19F313B851B /* PairingView.swift in Sources */,
				ACF99500CFF8EB72FBC11B63 /* PlanCard.swift in Sources */,
				B5059A51D144C468B1843122 /* RelayApp.swift in Sources */,
				637D335E0DDD25A1F2B4CF54 /* RelayState.swift in Sources */,
				5F91F886EC55EED4FD3F8C93 /* SessionRow.swift in Sources */,
				10DE3DA0982B787C8E2B6A06 /* SidebarBottomBar.swift in Sources */,
				7E4D1A430951287B0BCF32CB /* SidebarFilterMenu.swift in Sources */,
				6A5A6D7B470BD025BCC7E489 /* SidebarMachineNotices.swift in Sources */,
				AE44560A09974BC792D38DDB /* SidebarModel+Machines.swift in Sources */,
				FDBD8BBAB810DF2CE81502E3 /* SidebarModel.swift in Sources */,
				EDB9411AE070F07674418BEA /* SidebarNowCard.swift in Sources */,
				D9F56A5EC5FDAD795F5AE47F /* SidebarProjectSection.swift in Sources */,
				C6C92B287A1E25BD21E88FB6 /* SidebarToolbar.swift in Sources */,
				754F03A18E88ADC6486B24EB /* SidebarView.swift in Sources */,
				3F29823563ED150C6E4748B6 /* SpeechDictationEngine.swift in Sources */,
				F6C58171A27E1CB4C3B61345 /* StatusGlyph.swift in Sources */,
				DCAAC942C215822D125587CD /* ToolImages.swift in Sources */,
				0421C16A55123A5A53D0AEB6 /* UsageStore.swift in Sources */,
				53F9AE60581D9F3A710E34D6 /* UsageView.swift in Sources */,
			);
			runOnlyForDeploymentPostprocessing = 0;
		};
/* End PBXSourcesBuildPhase section */

/* Begin PBXTargetDependency section */
		78DC4C07B612F662DD462B2A /* PBXTargetDependency */ = {
			isa = PBXTargetDependency;
			target = 00CC2921912F47FC3C6615F8 /* Relay */;
			targetProxy = 3854DACD222F441A780A22AC /* PBXContainerItemProxy */;
		};
		B789F58BB61B880D7F193A2B /* PBXTargetDependency */ = {
			isa = PBXTargetDependency;
			target = 00CC2921912F47FC3C6615F8 /* Relay */;
			targetProxy = 56659E1809A0C78F49479215 /* PBXContainerItemProxy */;
		};
/* End PBXTargetDependency section */

/* Begin XCBuildConfiguration section */
		2081E5984332363D157E9BAF /* Debug */ = {
			isa = XCBuildConfiguration;
			buildSettings = {
				ALWAYS_SEARCH_USER_PATHS = NO;
				CLANG_ANALYZER_NONNULL = YES;
				CLANG_ANALYZER_NUMBER_OBJECT_CONVERSION = YES_AGGRESSIVE;
				CLANG_CXX_LANGUAGE_STANDARD = "gnu++14";
				CLANG_CXX_LIBRARY = "libc++";
				CLANG_ENABLE_MODULES = YES;
				CLANG_ENABLE_OBJC_ARC = YES;
				CLANG_ENABLE_OBJC_WEAK = YES;
				CLANG_WARN_BLOCK_CAPTURE_AUTORELEASING = YES;
				CLANG_WARN_BOOL_CONVERSION = YES;
				CLANG_WARN_COMMA = YES;
				CLANG_WARN_CONSTANT_CONVERSION = YES;
				CLANG_WARN_DEPRECATED_OBJC_IMPLEMENTATIONS = YES;
				CLANG_WARN_DIRECT_OBJC_ISA_USAGE = YES_ERROR;
				CLANG_WARN_DOCUMENTATION_COMMENTS = YES;
				CLANG_WARN_EMPTY_BODY = YES;
				CLANG_WARN_ENUM_CONVERSION = YES;
				CLANG_WARN_INFINITE_RECURSION = YES;
				CLANG_WARN_INT_CONVERSION = YES;
				CLANG_WARN_NON_LITERAL_NULL_CONVERSION = YES;
				CLANG_WARN_OBJC_IMPLICIT_RETAIN_SELF = YES;
				CLANG_WARN_OBJC_LITERAL_CONVERSION = YES;
				CLANG_WARN_OBJC_ROOT_CLASS = YES_ERROR;
				CLANG_WARN_QUOTED_INCLUDE_IN_FRAMEWORK_HEADER = YES;
				CLANG_WARN_RANGE_LOOP_ANALYSIS = YES;
				CLANG_WARN_STRICT_PROTOTYPES = YES;
				CLANG_WARN_SUSPICIOUS_MOVE = YES;
				CLANG_WARN_UNGUARDED_AVAILABILITY = YES_AGGRESSIVE;
				CLANG_WARN_UNREACHABLE_CODE = YES;
				CLANG_WARN__DUPLICATE_METHOD_MATCH = YES;
				CODE_SIGN_STYLE = Automatic;
				COPY_PHASE_STRIP = NO;
				DEBUG_INFORMATION_FORMAT = dwarf;
				DEVELOPMENT_TEAM = "";
				ENABLE_STRICT_OBJC_MSGSEND = YES;
				ENABLE_TESTABILITY = YES;
				GCC_C_LANGUAGE_STANDARD = gnu11;
				GCC_DYNAMIC_NO_PIC = NO;
				GCC_NO_COMMON_BLOCKS = YES;
				GCC_OPTIMIZATION_LEVEL = 0;
				GCC_PREPROCESSOR_DEFINITIONS = (
					"$(inherited)",
					"DEBUG=1",
				);
				GCC_WARN_64_TO_32_BIT_CONVERSION = YES;
				GCC_WARN_ABOUT_RETURN_TYPE = YES_ERROR;
				GCC_WARN_UNDECLARED_SELECTOR = YES;
				GCC_WARN_UNINITIALIZED_AUTOS = YES_AGGRESSIVE;
				GCC_WARN_UNUSED_FUNCTION = YES;
				GCC_WARN_UNUSED_VARIABLE = YES;
				IPHONEOS_DEPLOYMENT_TARGET = 26.0;
				MTL_ENABLE_DEBUG_INFO = INCLUDE_SOURCE;
				MTL_FAST_MATH = YES;
				ONLY_ACTIVE_ARCH = YES;
				PRODUCT_NAME = "$(TARGET_NAME)";
				SDKROOT = iphoneos;
				SWIFT_ACTIVE_COMPILATION_CONDITIONS = DEBUG;
				SWIFT_OPTIMIZATION_LEVEL = "-Onone";
				SWIFT_STRICT_CONCURRENCY = complete;
				SWIFT_VERSION = 6.0;
			};
			name = Debug;
		};
		52BA97836630D2E50EFB51DA /* Debug */ = {
			isa = XCBuildConfiguration;
			buildSettings = {
				BUNDLE_LOADER = "$(TEST_HOST)";
				GENERATE_INFOPLIST_FILE = YES;
				LD_RUNPATH_SEARCH_PATHS = (
					"$(inherited)",
					"@executable_path/Frameworks",
					"@loader_path/Frameworks",
				);
				PRODUCT_BUNDLE_IDENTIFIER = dev.amansingh.herd.tests;
				SDKROOT = iphoneos;
				TARGETED_DEVICE_FAMILY = "1,2";
				TEST_HOST = "$(BUILT_PRODUCTS_DIR)/Relay.app/Relay";
			};
			name = Debug;
		};
		71F4EFF4B9550541A79E6FCC /* Release */ = {
			isa = XCBuildConfiguration;
			buildSettings = {
				ALWAYS_SEARCH_USER_PATHS = NO;
				CLANG_ANALYZER_NONNULL = YES;
				CLANG_ANALYZER_NUMBER_OBJECT_CONVERSION = YES_AGGRESSIVE;
				CLANG_CXX_LANGUAGE_STANDARD = "gnu++14";
				CLANG_CXX_LIBRARY = "libc++";
				CLANG_ENABLE_MODULES = YES;
				CLANG_ENABLE_OBJC_ARC = YES;
				CLANG_ENABLE_OBJC_WEAK = YES;
				CLANG_WARN_BLOCK_CAPTURE_AUTORELEASING = YES;
				CLANG_WARN_BOOL_CONVERSION = YES;
				CLANG_WARN_COMMA = YES;
				CLANG_WARN_CONSTANT_CONVERSION = YES;
				CLANG_WARN_DEPRECATED_OBJC_IMPLEMENTATIONS = YES;
				CLANG_WARN_DIRECT_OBJC_ISA_USAGE = YES_ERROR;
				CLANG_WARN_DOCUMENTATION_COMMENTS = YES;
				CLANG_WARN_EMPTY_BODY = YES;
				CLANG_WARN_ENUM_CONVERSION = YES;
				CLANG_WARN_INFINITE_RECURSION = YES;
				CLANG_WARN_INT_CONVERSION = YES;
				CLANG_WARN_NON_LITERAL_NULL_CONVERSION = YES;
				CLANG_WARN_OBJC_IMPLICIT_RETAIN_SELF = YES;
				CLANG_WARN_OBJC_LITERAL_CONVERSION = YES;
				CLANG_WARN_OBJC_ROOT_CLASS = YES_ERROR;
				CLANG_WARN_QUOTED_INCLUDE_IN_FRAMEWORK_HEADER = YES;
				CLANG_WARN_RANGE_LOOP_ANALYSIS = YES;
				CLANG_WARN_STRICT_PROTOTYPES = YES;
				CLANG_WARN_SUSPICIOUS_MOVE = YES;
				CLANG_WARN_UNGUARDED_AVAILABILITY = YES_AGGRESSIVE;
				CLANG_WARN_UNREACHABLE_CODE = YES;
				CLANG_WARN__DUPLICATE_METHOD_MATCH = YES;
				CODE_SIGN_STYLE = Automatic;
				COPY_PHASE_STRIP = NO;
				DEBUG_INFORMATION_FORMAT = "dwarf-with-dsym";
				DEVELOPMENT_TEAM = "";
				ENABLE_NS_ASSERTIONS = NO;
				ENABLE_STRICT_OBJC_MSGSEND = YES;
				GCC_C_LANGUAGE_STANDARD = gnu11;
				GCC_NO_COMMON_BLOCKS = YES;
				GCC_WARN_64_TO_32_BIT_CONVERSION = YES;
				GCC_WARN_ABOUT_RETURN_TYPE = YES_ERROR;
				GCC_WARN_UNDECLARED_SELECTOR = YES;
				GCC_WARN_UNINITIALIZED_AUTOS = YES_AGGRESSIVE;
				GCC_WARN_UNUSED_FUNCTION = YES;
				GCC_WARN_UNUSED_VARIABLE = YES;
				IPHONEOS_DEPLOYMENT_TARGET = 26.0;
				MTL_ENABLE_DEBUG_INFO = NO;
				MTL_FAST_MATH = YES;
				PRODUCT_NAME = "$(TARGET_NAME)";
				SDKROOT = iphoneos;
				SWIFT_COMPILATION_MODE = wholemodule;
				SWIFT_OPTIMIZATION_LEVEL = "-O";
				SWIFT_STRICT_CONCURRENCY = complete;
				SWIFT_VERSION = 6.0;
			};
			name = Release;
		};
		7CB4F2CB7DAEE9752ED1E360 /* Debug */ = {
			isa = XCBuildConfiguration;
			buildSettings = {
				ASSETCATALOG_COMPILER_APPICON_NAME = AppIcon;
				ASSETCATALOG_COMPILER_GLOBAL_ACCENT_COLOR_NAME = AccentColor;
				CODE_SIGN_ENTITLEMENTS = Relay/Relay.entitlements;
				CODE_SIGN_IDENTITY = "iPhone Developer";
				ENABLE_PREVIEWS = YES;
				ENABLE_USER_SCRIPT_SANDBOXING = NO;
				INFOPLIST_FILE = Relay/Info.plist;
				LD_RUNPATH_SEARCH_PATHS = (
					"$(inherited)",
					"@executable_path/Frameworks",
				);
				PRODUCT_BUNDLE_IDENTIFIER = dev.amansingh.herd;
				SDKROOT = iphoneos;
				TARGETED_DEVICE_FAMILY = 1;
			};
			name = Debug;
		};
		9BE9F6E08E841A1770F018C0 /* Debug */ = {
			isa = XCBuildConfiguration;
			buildSettings = {
				BUNDLE_LOADER = "$(TEST_HOST)";
				GENERATE_INFOPLIST_FILE = YES;
				LD_RUNPATH_SEARCH_PATHS = (
					"$(inherited)",
					"@executable_path/Frameworks",
					"@loader_path/Frameworks",
				);
				PRODUCT_BUNDLE_IDENTIFIER = dev.amansingh.herd.uitests;
				SDKROOT = iphoneos;
				TARGETED_DEVICE_FAMILY = "1,2";
				TEST_TARGET_NAME = Relay;
			};
			name = Debug;
		};
		B64C6B120C8B6607431DB5A2 /* Release */ = {
			isa = XCBuildConfiguration;
			buildSettings = {
				BUNDLE_LOADER = "$(TEST_HOST)";
				GENERATE_INFOPLIST_FILE = YES;
				LD_RUNPATH_SEARCH_PATHS = (
					"$(inherited)",
					"@executable_path/Frameworks",
					"@loader_path/Frameworks",
				);
				PRODUCT_BUNDLE_IDENTIFIER = dev.amansingh.herd.tests;
				SDKROOT = iphoneos;
				TARGETED_DEVICE_FAMILY = "1,2";
				TEST_HOST = "$(BUILT_PRODUCTS_DIR)/Relay.app/Relay";
			};
			name = Release;
		};
		F3D9B9C587F1507CA874D0DE /* Release */ = {
			isa = XCBuildConfiguration;
			buildSettings = {
				ASSETCATALOG_COMPILER_APPICON_NAME = AppIcon;
				ASSETCATALOG_COMPILER_GLOBAL_ACCENT_COLOR_NAME = AccentColor;
				CODE_SIGN_ENTITLEMENTS = Relay/Relay.entitlements;
				CODE_SIGN_IDENTITY = "iPhone Developer";
				ENABLE_PREVIEWS = YES;
				ENABLE_USER_SCRIPT_SANDBOXING = NO;
				INFOPLIST_FILE = Relay/Info.plist;
				LD_RUNPATH_SEARCH_PATHS = (
					"$(inherited)",
					"@executable_path/Frameworks",
				);
				PRODUCT_BUNDLE_IDENTIFIER = dev.amansingh.herd;
				SDKROOT = iphoneos;
				TARGETED_DEVICE_FAMILY = 1;
			};
			name = Release;
		};
		F756963D80E62001B08E380D /* Release */ = {
			isa = XCBuildConfiguration;
			buildSettings = {
				BUNDLE_LOADER = "$(TEST_HOST)";
				GENERATE_INFOPLIST_FILE = YES;
				LD_RUNPATH_SEARCH_PATHS = (
					"$(inherited)",
					"@executable_path/Frameworks",
					"@loader_path/Frameworks",
				);
				PRODUCT_BUNDLE_IDENTIFIER = dev.amansingh.herd.uitests;
				SDKROOT = iphoneos;
				TARGETED_DEVICE_FAMILY = "1,2";
				TEST_TARGET_NAME = Relay;
			};
			name = Release;
		};
/* End XCBuildConfiguration section */

/* Begin XCConfigurationList section */
		123F6CBD015F52CA68038BCE /* Build configuration list for PBXNativeTarget "Relay" */ = {
			isa = XCConfigurationList;
			buildConfigurations = (
				7CB4F2CB7DAEE9752ED1E360 /* Debug */,
				F3D9B9C587F1507CA874D0DE /* Release */,
			);
			defaultConfigurationIsVisible = 0;
			defaultConfigurationName = Debug;
		};
		BEF0E16E0C44253F0EED586F /* Build configuration list for PBXNativeTarget "RelayUITests" */ = {
			isa = XCConfigurationList;
			buildConfigurations = (
				9BE9F6E08E841A1770F018C0 /* Debug */,
				F756963D80E62001B08E380D /* Release */,
			);
			defaultConfigurationIsVisible = 0;
			defaultConfigurationName = Debug;
		};
		CAE7F6E0ECA548A1858A3109 /* Build configuration list for PBXProject "Relay" */ = {
			isa = XCConfigurationList;
			buildConfigurations = (
				2081E5984332363D157E9BAF /* Debug */,
				71F4EFF4B9550541A79E6FCC /* Release */,
			);
			defaultConfigurationIsVisible = 0;
			defaultConfigurationName = Debug;
		};
		E227B8FDC7CB304FEE66DF90 /* Build configuration list for PBXNativeTarget "RelayTests" */ = {
			isa = XCConfigurationList;
			buildConfigurations = (
				52BA97836630D2E50EFB51DA /* Debug */,
				B64C6B120C8B6607431DB5A2 /* Release */,
			);
			defaultConfigurationIsVisible = 0;
			defaultConfigurationName = Debug;
		};
/* End XCConfigurationList section */

/* Begin XCLocalSwiftPackageReference section */
		701D0C9EC7A179F3BAE3BDA0 /* XCLocalSwiftPackageReference "RelayKit" */ = {
			isa = XCLocalSwiftPackageReference;
			relativePath = RelayKit;
		};
/* End XCLocalSwiftPackageReference section */

/* Begin XCSwiftPackageProductDependency section */
		67ECA99C43186CD671E794FC /* RelayKit */ = {
			isa = XCSwiftPackageProductDependency;
			productName = RelayKit;
		};
		BBCA5FD19EB45071473A3C7D /* RelayKit */ = {
			isa = XCSwiftPackageProductDependency;
			productName = RelayKit;
		};
/* End XCSwiftPackageProductDependency section */
	};
	rootObject = 00400E7BA46B4893DB3DAE46 /* Project object */;
}
